// !$*UTF8*$!
{
	archiveVersion = 1;
	classes = {
	};
	objectVersion = 46;
	objects = {

/* Begin PBXBuildFile section */
		23039CD41DE56D5200653FCD /* APIKeys.plist in Resources */ = {isa = PBXBuildFile; fileRef = 23039CD31DE56D5200653FCD /* APIKeys.plist */; };
		234AF15A1DDFD91C00097B0B /* AnalyticsUtilities.swift in Sources */ = {isa = PBXBuildFile; fileRef = 234AF1591DDFD91C00097B0B /* AnalyticsUtilities.swift */; };
		2380CA911DE4140A002D73F1 /* AppState.swift in Sources */ = {isa = PBXBuildFile; fileRef = 2380CA901DE4140A002D73F1 /* AppState.swift */; };
		392F3D901DD20EAE00B44B01 /* PlacesController.swift in Sources */ = {isa = PBXBuildFile; fileRef = 392F3D8F1DD20EAE00B44B01 /* PlacesController.swift */; };
		392F3D971DD4395000B44B01 /* RemoteConfigDefaults.plist in Resources */ = {isa = PBXBuildFile; fileRef = 392F3D961DD4395000B44B01 /* RemoteConfigDefaults.plist */; };
		39C4EC9D1DDB464200B53B77 /* RemoteConfigKeys.swift in Sources */ = {isa = PBXBuildFile; fileRef = 39C4EC9C1DDB464200B53B77 /* RemoteConfigKeys.swift */; };
		39C4EC9E1DDCA75400B53B77 /* RemoteConfigKeys.swift in Sources */ = {isa = PBXBuildFile; fileRef = 39C4EC9C1DDB464200B53B77 /* RemoteConfigKeys.swift */; };
		39C4EC9F1DDCA75500B53B77 /* RemoteConfigKeys.swift in Sources */ = {isa = PBXBuildFile; fileRef = 39C4EC9C1DDB464200B53B77 /* RemoteConfigKeys.swift */; };
		4F00E2C2201E3A088D934AE0 /* Pods_Prox.framework in Frameworks */ = {isa = PBXBuildFile; fileRef = 29190FCA903C1D1AF4C77316 /* Pods_Prox.framework */; };
		7B0ECE481DD6145500ABBD72 /* LocationMonitor.swift in Sources */ = {isa = PBXBuildFile; fileRef = 7B0ECE471DD6145500ABBD72 /* LocationMonitor.swift */; };
		7B1C657B1DDCA9A90047559C /* FirebaseEventsDatabase.swift in Sources */ = {isa = PBXBuildFile; fileRef = 7B1C657A1DDCA9A90047559C /* FirebaseEventsDatabase.swift */; };
		7B1C657D1DDF28F00047559C /* TimeInterval.swift in Sources */ = {isa = PBXBuildFile; fileRef = 7B1C657C1DDF28F00047559C /* TimeInterval.swift */; };
		7B23BD1F1DE862F500A23604 /* ChevronView.swift in Sources */ = {isa = PBXBuildFile; fileRef = 7B23BD1E1DE862F500A23604 /* ChevronView.swift */; };
		7B29E7C31DA3EC360099AF38 /* AppDelegate.swift in Sources */ = {isa = PBXBuildFile; fileRef = 7B29E7C21DA3EC360099AF38 /* AppDelegate.swift */; };
		7B29E7CA1DA3EC360099AF38 /* Assets.xcassets in Resources */ = {isa = PBXBuildFile; fileRef = 7B29E7C91DA3EC360099AF38 /* Assets.xcassets */; };
		7B29E7CD1DA3EC360099AF38 /* LaunchScreen.storyboard in Resources */ = {isa = PBXBuildFile; fileRef = 7B29E7CB1DA3EC360099AF38 /* LaunchScreen.storyboard */; };
		7B29E7D81DA3EC360099AF38 /* ProxTests.swift in Sources */ = {isa = PBXBuildFile; fileRef = 7B29E7D71DA3EC360099AF38 /* ProxTests.swift */; };
		7B29E7E31DA3EC360099AF38 /* ProxUITests.swift in Sources */ = {isa = PBXBuildFile; fileRef = 7B29E7E21DA3EC360099AF38 /* ProxUITests.swift */; };
		7B2EF5871DDF4D7200695515 /* TimeIntervalTests.swift in Sources */ = {isa = PBXBuildFile; fileRef = 7B2EF5861DDF4D7200695515 /* TimeIntervalTests.swift */; };
		7B2EF58E1DE36E8600695515 /* EventTests.swift in Sources */ = {isa = PBXBuildFile; fileRef = 7B2EF58D1DE36E8600695515 /* EventTests.swift */; };
		7B48EBDA1DD1F679005C36CB /* GeofenceRegion.swift in Sources */ = {isa = PBXBuildFile; fileRef = 7B48EBD91DD1F679005C36CB /* GeofenceRegion.swift */; };
		7B5095621DB531C0007C54F0 /* PlaceCarousel.swift in Sources */ = {isa = PBXBuildFile; fileRef = 7B5095611DB531C0007C54F0 /* PlaceCarousel.swift */; };
		7B5095651DB531CA007C54F0 /* Place.swift in Sources */ = {isa = PBXBuildFile; fileRef = 7B5095641DB531CA007C54F0 /* Place.swift */; };
		7B5095671DB53378007C54F0 /* PlaceCarouselCollectionViewCell.swift in Sources */ = {isa = PBXBuildFile; fileRef = 7B5095661DB53378007C54F0 /* PlaceCarouselCollectionViewCell.swift */; };
		7B50956B1DB53382007C54F0 /* ReviewContainerView.swift in Sources */ = {isa = PBXBuildFile; fileRef = 7B5095691DB53382007C54F0 /* ReviewContainerView.swift */; };
		7B50956C1DB53382007C54F0 /* ReviewScoreView.swift in Sources */ = {isa = PBXBuildFile; fileRef = 7B50956A1DB53382007C54F0 /* ReviewScoreView.swift */; };
		7B50956E1DB53429007C54F0 /* HorizontalLineView.swift in Sources */ = {isa = PBXBuildFile; fileRef = 7B50956D1DB53429007C54F0 /* HorizontalLineView.swift */; };
		7B5095721DB5352E007C54F0 /* Colors.swift in Sources */ = {isa = PBXBuildFile; fileRef = 7B5095701DB5352E007C54F0 /* Colors.swift */; };
		7B5095731DB5352E007C54F0 /* Fonts.swift in Sources */ = {isa = PBXBuildFile; fileRef = 7B5095711DB5352E007C54F0 /* Fonts.swift */; };
		7B5095751DB62590007C54F0 /* NSLayoutConstraint.swift in Sources */ = {isa = PBXBuildFile; fileRef = 7B5095741DB62590007C54F0 /* NSLayoutConstraint.swift */; };
		7B5095781DB64E76007C54F0 /* TravelTimesProvider.swift in Sources */ = {isa = PBXBuildFile; fileRef = 7B5095771DB64E76007C54F0 /* TravelTimesProvider.swift */; };
		7B50957A1DB65342007C54F0 /* TravelTimesProvider.swift in Sources */ = {isa = PBXBuildFile; fileRef = 7B5095771DB64E76007C54F0 /* TravelTimesProvider.swift */; };
		7B5095811DB65FD4007C54F0 /* TravelTimesTests.swift in Sources */ = {isa = PBXBuildFile; fileRef = 7B5095801DB65FD4007C54F0 /* TravelTimesTests.swift */; };
		7B5095851DB903B7007C54F0 /* DatabaseResult.swift in Sources */ = {isa = PBXBuildFile; fileRef = 7B5095841DB903B7007C54F0 /* DatabaseResult.swift */; };
		7B561BB31DABD5C90096D8BC /* PlaceCarouselHeaderView.swift in Sources */ = {isa = PBXBuildFile; fileRef = 7B561BB21DABD5C90096D8BC /* PlaceCarouselHeaderView.swift */; };
		7B561BBA1DAC02B90096D8BC /* hilton_location.gpx in Resources */ = {isa = PBXBuildFile; fileRef = 7B561BB91DAC02B90096D8BC /* hilton_location.gpx */; };
		7B699A9E1DEDD635004A671B /* InAppNotificationToast.swift in Sources */ = {isa = PBXBuildFile; fileRef = 7B699A9D1DEDD635004A671B /* InAppNotificationToast.swift */; };
		7B8651901DBF8544002A666A /* PlaceCarouselViewControllerTests.swift in Sources */ = {isa = PBXBuildFile; fileRef = 7B86518F1DBF8544002A666A /* PlaceCarouselViewControllerTests.swift */; };
		7B8651921DBFAF19002A666A /* PlaceUtilities.swift in Sources */ = {isa = PBXBuildFile; fileRef = 7B8651911DBFAF19002A666A /* PlaceUtilities.swift */; };
		7B8651941DBFAFA8002A666A /* PlaceUtilitiesTests.swift in Sources */ = {isa = PBXBuildFile; fileRef = 7B8651931DBFAFA8002A666A /* PlaceUtilitiesTests.swift */; };
		7B9D15C61DC0D2E70051B760 /* OpenInHelper.swift in Sources */ = {isa = PBXBuildFile; fileRef = 7B9D15C51DC0D2E70051B760 /* OpenInHelper.swift */; };
		7B9D15C81DC0D51C0051B760 /* OpenInFirefoxControllerSwift.swift in Sources */ = {isa = PBXBuildFile; fileRef = 7B9D15C71DC0D51C0051B760 /* OpenInFirefoxControllerSwift.swift */; };
		7B9DA14B1DBE332E00A68C82 /* AppConstants.swift in Sources */ = {isa = PBXBuildFile; fileRef = 7B9DA14A1DBE332E00A68C82 /* AppConstants.swift */; };
		7B9DA1541DBE6ED300A68C82 /* FirebasePlacesDatabase.swift in Sources */ = {isa = PBXBuildFile; fileRef = 7B9DA1521DBE6ED300A68C82 /* FirebasePlacesDatabase.swift */; };
		7B9DA1551DBE6ED300A68C82 /* PlacesDatabase.swift in Sources */ = {isa = PBXBuildFile; fileRef = 7B9DA1531DBE6ED300A68C82 /* PlacesDatabase.swift */; };
		7B9DA1571DBE6EE300A68C82 /* PlaceCarouselViewController.swift in Sources */ = {isa = PBXBuildFile; fileRef = 7B9DA1561DBE6EE300A68C82 /* PlaceCarouselViewController.swift */; };
		7B9DA15A1DBE6F7500A68C82 /* PlaceDetailViewController.swift in Sources */ = {isa = PBXBuildFile; fileRef = 7B9DA1591DBE6F7500A68C82 /* PlaceDetailViewController.swift */; };
		7BA05BE31DD4CC75009AC121 /* EventsDatabase.swift in Sources */ = {isa = PBXBuildFile; fileRef = 7BA05BE21DD4CC75009AC121 /* EventsDatabase.swift */; };
		7BA05BE51DD4CCB1009AC121 /* Event.swift in Sources */ = {isa = PBXBuildFile; fileRef = 7BA05BE41DD4CCB1009AC121 /* Event.swift */; };
		7BA05BE91DD4D149009AC121 /* EventsController.swift in Sources */ = {isa = PBXBuildFile; fileRef = 7BA05BE81DD4D149009AC121 /* EventsController.swift */; };
		7BA05BEB1DD4D602009AC121 /* EventNotificationsManager.swift in Sources */ = {isa = PBXBuildFile; fileRef = 7BA05BEA1DD4D602009AC121 /* EventNotificationsManager.swift */; };
		7BB1CA451DC39756004AEE56 /* ImageCarouselCollectionViewCell.swift in Sources */ = {isa = PBXBuildFile; fileRef = 7BB1CA441DC39756004AEE56 /* ImageCarouselCollectionViewCell.swift */; };
		7BB1CA471DC39FB3004AEE56 /* PlaceDetailsCardViewController.swift in Sources */ = {isa = PBXBuildFile; fileRef = 7BB1CA461DC39FB3004AEE56 /* PlaceDetailsCardViewController.swift */; };
		7BB1CA491DC8C6C5004AEE56 /* MapButton.swift in Sources */ = {isa = PBXBuildFile; fileRef = 7BB1CA481DC8C6C5004AEE56 /* MapButton.swift */; };
		7BD5CC7D1DAFF07E00BCF50D /* GeoFire.m in Sources */ = {isa = PBXBuildFile; fileRef = 7BD5CC741DAFF07E00BCF50D /* GeoFire.m */; };
		7BD5CC7E1DAFF07E00BCF50D /* GFBase32Utils.m in Sources */ = {isa = PBXBuildFile; fileRef = 7BD5CC761DAFF07E00BCF50D /* GFBase32Utils.m */; };
		7BD5CC7F1DAFF07E00BCF50D /* GFGeoHash.m in Sources */ = {isa = PBXBuildFile; fileRef = 7BD5CC781DAFF07E00BCF50D /* GFGeoHash.m */; };
		7BD5CC801DAFF07E00BCF50D /* GFGeoHashQuery.m in Sources */ = {isa = PBXBuildFile; fileRef = 7BD5CC7A1DAFF07E00BCF50D /* GFGeoHashQuery.m */; };
		7BD5CC811DAFF07E00BCF50D /* GFQuery.m in Sources */ = {isa = PBXBuildFile; fileRef = 7BD5CC7C1DAFF07E00BCF50D /* GFQuery.m */; };
		7BD5CC891DB0EB7400BCF50D /* GoogleService-Info.plist in Resources */ = {isa = PBXBuildFile; fileRef = 7BD5CC881DB0EB7400BCF50D /* GoogleService-Info.plist */; };
		7BD5CC8A1DB0EB7400BCF50D /* GoogleService-Info.plist in Resources */ = {isa = PBXBuildFile; fileRef = 7BD5CC881DB0EB7400BCF50D /* GoogleService-Info.plist */; };
		7BD5CC8B1DB0EB7400BCF50D /* GoogleService-Info.plist in Resources */ = {isa = PBXBuildFile; fileRef = 7BD5CC881DB0EB7400BCF50D /* GoogleService-Info.plist */; };
		7C79B23D6CD1B1AC5A860E9E /* Pods_ProxTests.framework in Frameworks */ = {isa = PBXBuildFile; fileRef = 032E1A5B4FC2DB4F395E29E9 /* Pods_ProxTests.framework */; };
		E60A42711DF28E01008BE74D /* URL.swift in Sources */ = {isa = PBXBuildFile; fileRef = E60A42701DF28E01008BE74D /* URL.swift */; };
		E60A42771DF29127008BE74D /* URLTests.swift in Sources */ = {isa = PBXBuildFile; fileRef = E60A42761DF29127008BE74D /* URLTests.swift */; };
		E6101A901DDA45CD00D05B74 /* Data.bundle in Resources */ = {isa = PBXBuildFile; fileRef = E6101A8F1DDA45CD00D05B74 /* Data.bundle */; };
		E6101A911DDA45CD00D05B74 /* Data.bundle in Resources */ = {isa = PBXBuildFile; fileRef = E6101A8F1DDA45CD00D05B74 /* Data.bundle */; };
		E6101A921DDA45CD00D05B74 /* Data.bundle in Resources */ = {isa = PBXBuildFile; fileRef = E6101A8F1DDA45CD00D05B74 /* Data.bundle */; };
		E6101A961DDA481800D05B74 /* CategoriesUtilTests.swift in Sources */ = {isa = PBXBuildFile; fileRef = E6101A951DDA481800D05B74 /* CategoriesUtilTests.swift */; };
		E6101A981DDA7B8500D05B74 /* CategoriesUtil.swift in Sources */ = {isa = PBXBuildFile; fileRef = E6101A971DDA7B8500D05B74 /* CategoriesUtil.swift */; };
		E61252F11DDF761C007E33B7 /* MapPlacesTransition.swift in Sources */ = {isa = PBXBuildFile; fileRef = E61252F01DDF761C007E33B7 /* MapPlacesTransition.swift */; };
		E61831991DE0BDBA00D1810F /* TravelTimesView.swift in Sources */ = {isa = PBXBuildFile; fileRef = E61831981DE0BDBA00D1810F /* TravelTimesView.swift */; };
		E618319B1DE0C57700D1810F /* PlaceDetailsTravelTimesView.swift in Sources */ = {isa = PBXBuildFile; fileRef = E618319A1DE0C57700D1810F /* PlaceDetailsTravelTimesView.swift */; };
		E61972141DD28B7A00C9D093 /* PlaceDetailsEventView.swift in Sources */ = {isa = PBXBuildFile; fileRef = E61972131DD28B7A00C9D093 /* PlaceDetailsEventView.swift */; };
		E63C346F1DDCDFBB005B6B15 /* LocationLoadingView.swift in Sources */ = {isa = PBXBuildFile; fileRef = E63C346E1DDCDFBB005B6B15 /* LocationLoadingView.swift */; };
		E65857DE1DB69F4200CD18F8 /* ReviewProvider.swift in Sources */ = {isa = PBXBuildFile; fileRef = E65857DD1DB69F4200CD18F8 /* ReviewProvider.swift */; };
		E662FF4A1DC022940042C4A9 /* PlaceDetailsCardView.swift in Sources */ = {isa = PBXBuildFile; fileRef = E662FF491DC022940042C4A9 /* PlaceDetailsCardView.swift */; };
		E662FF4C1DC030170042C4A9 /* PlaceDetailsIconInfoView.swift in Sources */ = {isa = PBXBuildFile; fileRef = E662FF4B1DC030170042C4A9 /* PlaceDetailsIconInfoView.swift */; };
		E662FF4E1DC1861C0042C4A9 /* PlaceDetailsDescriptionView.swift in Sources */ = {isa = PBXBuildFile; fileRef = E662FF4D1DC1861C0042C4A9 /* PlaceDetailsDescriptionView.swift */; };
		E67146361DB54896007A99E4 /* CLLocationManager.swift in Sources */ = {isa = PBXBuildFile; fileRef = E67146351DB54896007A99E4 /* CLLocationManager.swift */; };
		E67D49FD1DDE42F0005E17F9 /* LoadingOverlayView.swift in Sources */ = {isa = PBXBuildFile; fileRef = E67D49FC1DDE42F0005E17F9 /* LoadingOverlayView.swift */; };
		E681E7581DE3562200902CDA /* Animatable.swift in Sources */ = {isa = PBXBuildFile; fileRef = E681E7571DE3562200902CDA /* Animatable.swift */; };
		E68BD90D1DCA9E8E007B51A3 /* DayOfWeekTests.swift in Sources */ = {isa = PBXBuildFile; fileRef = E68BD90C1DCA9E8E007B51A3 /* DayOfWeekTests.swift */; };
		E68BD90F1DCAAD6B007B51A3 /* OpenHoursTests.swift in Sources */ = {isa = PBXBuildFile; fileRef = E68BD90E1DCAAD6B007B51A3 /* OpenHoursTests.swift */; };
		E69E6C121DEF6679007FCE86 /* CrossFadeTransition.swift in Sources */ = {isa = PBXBuildFile; fileRef = E69E6C111DEF6679007FCE86 /* CrossFadeTransition.swift */; };
		EC42FE32127D2BD0FE36402D /* Pods_ProxUITests.framework in Frameworks */ = {isa = PBXBuildFile; fileRef = D7E6AA9F3734D8F66B0C39F3 /* Pods_ProxUITests.framework */; };
/* End PBXBuildFile section */

/* Begin PBXContainerItemProxy section */
		7B29E7D41DA3EC360099AF38 /* PBXContainerItemProxy */ = {
			isa = PBXContainerItemProxy;
			containerPortal = 7B29E7B71DA3EC360099AF38 /* Project object */;
			proxyType = 1;
			remoteGlobalIDString = 7B29E7BE1DA3EC360099AF38;
			remoteInfo = Prox;
		};
		7B29E7DF1DA3EC360099AF38 /* PBXContainerItemProxy */ = {
			isa = PBXContainerItemProxy;
			containerPortal = 7B29E7B71DA3EC360099AF38 /* Project object */;
			proxyType = 1;
			remoteGlobalIDString = 7B29E7BE1DA3EC360099AF38;
			remoteInfo = Prox;
		};
/* End PBXContainerItemProxy section */

/* Begin PBXFileReference section */
		032E1A5B4FC2DB4F395E29E9 /* Pods_ProxTests.framework */ = {isa = PBXFileReference; explicitFileType = wrapper.framework; includeInIndex = 0; path = Pods_ProxTests.framework; sourceTree = BUILT_PRODUCTS_DIR; };
		0B7888AD8C6E7538A1FCCDD3 /* Pods-ProxTests.enterprise kona.xcconfig */ = {isa = PBXFileReference; includeInIndex = 1; lastKnownFileType = text.xcconfig; name = "Pods-ProxTests.enterprise kona.xcconfig"; path = "../Pods/Target Support Files/Pods-ProxTests/Pods-ProxTests.enterprise kona.xcconfig"; sourceTree = "<group>"; };
		0EA57261799D082127AF0A24 /* Pods-ProxTests.release.xcconfig */ = {isa = PBXFileReference; includeInIndex = 1; lastKnownFileType = text.xcconfig; name = "Pods-ProxTests.release.xcconfig"; path = "../Pods/Target Support Files/Pods-ProxTests/Pods-ProxTests.release.xcconfig"; sourceTree = "<group>"; };
		18F1C6CC1D18EC45A9072FF1 /* Pods-ProxUITests.enterprise.xcconfig */ = {isa = PBXFileReference; includeInIndex = 1; lastKnownFileType = text.xcconfig; name = "Pods-ProxUITests.enterprise.xcconfig"; path = "../Pods/Target Support Files/Pods-ProxUITests/Pods-ProxUITests.enterprise.xcconfig"; sourceTree = "<group>"; };
		1E318DF6890B9E7221222152 /* Pods-Prox.enterprise kona.xcconfig */ = {isa = PBXFileReference; includeInIndex = 1; lastKnownFileType = text.xcconfig; name = "Pods-Prox.enterprise kona.xcconfig"; path = "../Pods/Target Support Files/Pods-Prox/Pods-Prox.enterprise kona.xcconfig"; sourceTree = "<group>"; };
		23039CD31DE56D5200653FCD /* APIKeys.plist */ = {isa = PBXFileReference; lastKnownFileType = text.plist; path = APIKeys.plist; sourceTree = "<group>"; };
		234AF1591DDFD91C00097B0B /* AnalyticsUtilities.swift */ = {isa = PBXFileReference; fileEncoding = 4; lastKnownFileType = sourcecode.swift; path = AnalyticsUtilities.swift; sourceTree = "<group>"; };
		2380CA901DE4140A002D73F1 /* AppState.swift */ = {isa = PBXFileReference; fileEncoding = 4; lastKnownFileType = sourcecode.swift; path = AppState.swift; sourceTree = "<group>"; };
		246E3C4ADD7C4DD2150C111B /* Pods-Prox.release.xcconfig */ = {isa = PBXFileReference; includeInIndex = 1; lastKnownFileType = text.xcconfig; name = "Pods-Prox.release.xcconfig"; path = "../Pods/Target Support Files/Pods-Prox/Pods-Prox.release.xcconfig"; sourceTree = "<group>"; };
		29190FCA903C1D1AF4C77316 /* Pods_Prox.framework */ = {isa = PBXFileReference; explicitFileType = wrapper.framework; includeInIndex = 0; path = Pods_Prox.framework; sourceTree = BUILT_PRODUCTS_DIR; };
		324CE3415A3E66A0F7F7CF54 /* Pods-ProxUITests.release.xcconfig */ = {isa = PBXFileReference; includeInIndex = 1; lastKnownFileType = text.xcconfig; name = "Pods-ProxUITests.release.xcconfig"; path = "../Pods/Target Support Files/Pods-ProxUITests/Pods-ProxUITests.release.xcconfig"; sourceTree = "<group>"; };
		392F3D8F1DD20EAE00B44B01 /* PlacesController.swift */ = {isa = PBXFileReference; fileEncoding = 4; lastKnownFileType = sourcecode.swift; name = PlacesController.swift; path = Data/PlacesController.swift; sourceTree = "<group>"; };
		392F3D961DD4395000B44B01 /* RemoteConfigDefaults.plist */ = {isa = PBXFileReference; fileEncoding = 4; lastKnownFileType = text.plist.xml; path = RemoteConfigDefaults.plist; sourceTree = "<group>"; };
		39C4EC9C1DDB464200B53B77 /* RemoteConfigKeys.swift */ = {isa = PBXFileReference; fileEncoding = 4; lastKnownFileType = sourcecode.swift; path = RemoteConfigKeys.swift; sourceTree = "<group>"; };
		55740F6C4426324FDA569848 /* Pods-Prox.enterprise.xcconfig */ = {isa = PBXFileReference; includeInIndex = 1; lastKnownFileType = text.xcconfig; name = "Pods-Prox.enterprise.xcconfig"; path = "../Pods/Target Support Files/Pods-Prox/Pods-Prox.enterprise.xcconfig"; sourceTree = "<group>"; };
		64E189E4D93A85A43CF269E2 /* Pods-ProxTests.debug.xcconfig */ = {isa = PBXFileReference; includeInIndex = 1; lastKnownFileType = text.xcconfig; name = "Pods-ProxTests.debug.xcconfig"; path = "../Pods/Target Support Files/Pods-ProxTests/Pods-ProxTests.debug.xcconfig"; sourceTree = "<group>"; };
		75091F0A7DE7F3D6E008D07B /* Pods-Prox.debug.xcconfig */ = {isa = PBXFileReference; includeInIndex = 1; lastKnownFileType = text.xcconfig; name = "Pods-Prox.debug.xcconfig"; path = "../Pods/Target Support Files/Pods-Prox/Pods-Prox.debug.xcconfig"; sourceTree = "<group>"; };
		7B0ECE471DD6145500ABBD72 /* LocationMonitor.swift */ = {isa = PBXFileReference; fileEncoding = 4; lastKnownFileType = sourcecode.swift; path = LocationMonitor.swift; sourceTree = "<group>"; };
		7B1C657A1DDCA9A90047559C /* FirebaseEventsDatabase.swift */ = {isa = PBXFileReference; fileEncoding = 4; lastKnownFileType = sourcecode.swift; name = FirebaseEventsDatabase.swift; path = Data/FirebaseEventsDatabase.swift; sourceTree = "<group>"; };
		7B1C657C1DDF28F00047559C /* TimeInterval.swift */ = {isa = PBXFileReference; fileEncoding = 4; lastKnownFileType = sourcecode.swift; name = TimeInterval.swift; path = Extensions/TimeInterval.swift; sourceTree = "<group>"; };
		7B23BD1E1DE862F500A23604 /* ChevronView.swift */ = {isa = PBXFileReference; fileEncoding = 4; lastKnownFileType = sourcecode.swift; path = ChevronView.swift; sourceTree = "<group>"; };
		7B29E7BF1DA3EC360099AF38 /* Prox.app */ = {isa = PBXFileReference; explicitFileType = wrapper.application; includeInIndex = 0; path = Prox.app; sourceTree = BUILT_PRODUCTS_DIR; };
		7B29E7C21DA3EC360099AF38 /* AppDelegate.swift */ = {isa = PBXFileReference; lastKnownFileType = sourcecode.swift; path = AppDelegate.swift; sourceTree = "<group>"; };
		7B29E7C91DA3EC360099AF38 /* Assets.xcassets */ = {isa = PBXFileReference; lastKnownFileType = folder.assetcatalog; path = Assets.xcassets; sourceTree = "<group>"; };
		7B29E7CC1DA3EC360099AF38 /* Base */ = {isa = PBXFileReference; lastKnownFileType = file.storyboard; name = Base; path = Base.lproj/LaunchScreen.storyboard; sourceTree = "<group>"; };
		7B29E7CE1DA3EC360099AF38 /* Info.plist */ = {isa = PBXFileReference; lastKnownFileType = text.plist.xml; path = Info.plist; sourceTree = "<group>"; };
		7B29E7D31DA3EC360099AF38 /* ProxTests.xctest */ = {isa = PBXFileReference; explicitFileType = wrapper.cfbundle; includeInIndex = 0; path = ProxTests.xctest; sourceTree = BUILT_PRODUCTS_DIR; };
		7B29E7D71DA3EC360099AF38 /* ProxTests.swift */ = {isa = PBXFileReference; lastKnownFileType = sourcecode.swift; path = ProxTests.swift; sourceTree = "<group>"; };
		7B29E7D91DA3EC360099AF38 /* Info.plist */ = {isa = PBXFileReference; lastKnownFileType = text.plist.xml; path = Info.plist; sourceTree = "<group>"; };
		7B29E7DE1DA3EC360099AF38 /* ProxUITests.xctest */ = {isa = PBXFileReference; explicitFileType = wrapper.cfbundle; includeInIndex = 0; path = ProxUITests.xctest; sourceTree = BUILT_PRODUCTS_DIR; };
		7B29E7E21DA3EC360099AF38 /* ProxUITests.swift */ = {isa = PBXFileReference; lastKnownFileType = sourcecode.swift; path = ProxUITests.swift; sourceTree = "<group>"; };
		7B29E7E41DA3EC360099AF38 /* Info.plist */ = {isa = PBXFileReference; lastKnownFileType = text.plist.xml; path = Info.plist; sourceTree = "<group>"; };
		7B2EF5861DDF4D7200695515 /* TimeIntervalTests.swift */ = {isa = PBXFileReference; fileEncoding = 4; lastKnownFileType = sourcecode.swift; path = TimeIntervalTests.swift; sourceTree = "<group>"; };
		7B2EF58D1DE36E8600695515 /* EventTests.swift */ = {isa = PBXFileReference; fileEncoding = 4; lastKnownFileType = sourcecode.swift; path = EventTests.swift; sourceTree = "<group>"; };
		7B48EBD91DD1F679005C36CB /* GeofenceRegion.swift */ = {isa = PBXFileReference; fileEncoding = 4; lastKnownFileType = sourcecode.swift; path = GeofenceRegion.swift; sourceTree = "<group>"; };
		7B5095611DB531C0007C54F0 /* PlaceCarousel.swift */ = {isa = PBXFileReference; fileEncoding = 4; lastKnownFileType = sourcecode.swift; name = PlaceCarousel.swift; path = PlaceCarousel/PlaceCarousel.swift; sourceTree = "<group>"; };
		7B5095641DB531CA007C54F0 /* Place.swift */ = {isa = PBXFileReference; fileEncoding = 4; lastKnownFileType = sourcecode.swift; path = Place.swift; sourceTree = "<group>"; };
		7B5095661DB53378007C54F0 /* PlaceCarouselCollectionViewCell.swift */ = {isa = PBXFileReference; fileEncoding = 4; lastKnownFileType = sourcecode.swift; name = PlaceCarouselCollectionViewCell.swift; path = PlaceCarousel/PlaceCarouselCollectionViewCell.swift; sourceTree = "<group>"; };
		7B5095691DB53382007C54F0 /* ReviewContainerView.swift */ = {isa = PBXFileReference; fileEncoding = 4; lastKnownFileType = sourcecode.swift; path = ReviewContainerView.swift; sourceTree = "<group>"; };
		7B50956A1DB53382007C54F0 /* ReviewScoreView.swift */ = {isa = PBXFileReference; fileEncoding = 4; lastKnownFileType = sourcecode.swift; path = ReviewScoreView.swift; sourceTree = "<group>"; };
		7B50956D1DB53429007C54F0 /* HorizontalLineView.swift */ = {isa = PBXFileReference; fileEncoding = 4; lastKnownFileType = sourcecode.swift; path = HorizontalLineView.swift; sourceTree = "<group>"; };
		7B5095701DB5352E007C54F0 /* Colors.swift */ = {isa = PBXFileReference; fileEncoding = 4; lastKnownFileType = sourcecode.swift; path = Colors.swift; sourceTree = "<group>"; };
		7B5095711DB5352E007C54F0 /* Fonts.swift */ = {isa = PBXFileReference; fileEncoding = 4; lastKnownFileType = sourcecode.swift; path = Fonts.swift; sourceTree = "<group>"; };
		7B5095741DB62590007C54F0 /* NSLayoutConstraint.swift */ = {isa = PBXFileReference; fileEncoding = 4; lastKnownFileType = sourcecode.swift; name = NSLayoutConstraint.swift; path = Extensions/NSLayoutConstraint.swift; sourceTree = "<group>"; };
		7B5095771DB64E76007C54F0 /* TravelTimesProvider.swift */ = {isa = PBXFileReference; fileEncoding = 4; lastKnownFileType = sourcecode.swift; name = TravelTimesProvider.swift; path = ../Data/TravelTimesProvider.swift; sourceTree = "<group>"; };
		7B5095801DB65FD4007C54F0 /* TravelTimesTests.swift */ = {isa = PBXFileReference; fileEncoding = 4; lastKnownFileType = sourcecode.swift; path = TravelTimesTests.swift; sourceTree = "<group>"; };
		7B5095841DB903B7007C54F0 /* DatabaseResult.swift */ = {isa = PBXFileReference; fileEncoding = 4; lastKnownFileType = sourcecode.swift; name = DatabaseResult.swift; path = Data/DatabaseResult.swift; sourceTree = "<group>"; };
		7B561BB21DABD5C90096D8BC /* PlaceCarouselHeaderView.swift */ = {isa = PBXFileReference; fileEncoding = 4; lastKnownFileType = sourcecode.swift; name = PlaceCarouselHeaderView.swift; path = PlaceCarousel/PlaceCarouselHeaderView.swift; sourceTree = "<group>"; };
		7B561BB91DAC02B90096D8BC /* hilton_location.gpx */ = {isa = PBXFileReference; fileEncoding = 4; lastKnownFileType = text.xml; path = hilton_location.gpx; sourceTree = "<group>"; };
		7B699A9D1DEDD635004A671B /* InAppNotificationToast.swift */ = {isa = PBXFileReference; fileEncoding = 4; lastKnownFileType = sourcecode.swift; path = InAppNotificationToast.swift; sourceTree = "<group>"; };
		7B86518F1DBF8544002A666A /* PlaceCarouselViewControllerTests.swift */ = {isa = PBXFileReference; fileEncoding = 4; lastKnownFileType = sourcecode.swift; path = PlaceCarouselViewControllerTests.swift; sourceTree = "<group>"; };
		7B8651911DBFAF19002A666A /* PlaceUtilities.swift */ = {isa = PBXFileReference; fileEncoding = 4; lastKnownFileType = sourcecode.swift; path = PlaceUtilities.swift; sourceTree = "<group>"; };
		7B8651931DBFAFA8002A666A /* PlaceUtilitiesTests.swift */ = {isa = PBXFileReference; fileEncoding = 4; lastKnownFileType = sourcecode.swift; path = PlaceUtilitiesTests.swift; sourceTree = "<group>"; };
		7B9D15C51DC0D2E70051B760 /* OpenInHelper.swift */ = {isa = PBXFileReference; fileEncoding = 4; lastKnownFileType = sourcecode.swift; path = OpenInHelper.swift; sourceTree = "<group>"; };
		7B9D15C71DC0D51C0051B760 /* OpenInFirefoxControllerSwift.swift */ = {isa = PBXFileReference; fileEncoding = 4; lastKnownFileType = sourcecode.swift; name = OpenInFirefoxControllerSwift.swift; path = Utilities/OpenInFirefoxControllerSwift.swift; sourceTree = "<group>"; };
		7B9DA14A1DBE332E00A68C82 /* AppConstants.swift */ = {isa = PBXFileReference; fileEncoding = 4; lastKnownFileType = sourcecode.swift; path = AppConstants.swift; sourceTree = "<group>"; };
		7B9DA1521DBE6ED300A68C82 /* FirebasePlacesDatabase.swift */ = {isa = PBXFileReference; fileEncoding = 4; lastKnownFileType = sourcecode.swift; name = FirebasePlacesDatabase.swift; path = Data/FirebasePlacesDatabase.swift; sourceTree = "<group>"; };
		7B9DA1531DBE6ED300A68C82 /* PlacesDatabase.swift */ = {isa = PBXFileReference; fileEncoding = 4; lastKnownFileType = sourcecode.swift; name = PlacesDatabase.swift; path = Data/PlacesDatabase.swift; sourceTree = "<group>"; };
		7B9DA1561DBE6EE300A68C82 /* PlaceCarouselViewController.swift */ = {isa = PBXFileReference; fileEncoding = 4; lastKnownFileType = sourcecode.swift; name = PlaceCarouselViewController.swift; path = PlaceCarousel/PlaceCarouselViewController.swift; sourceTree = "<group>"; };
		7B9DA1591DBE6F7500A68C82 /* PlaceDetailViewController.swift */ = {isa = PBXFileReference; fileEncoding = 4; lastKnownFileType = sourcecode.swift; path = PlaceDetailViewController.swift; sourceTree = "<group>"; };
		7BA05BE21DD4CC75009AC121 /* EventsDatabase.swift */ = {isa = PBXFileReference; fileEncoding = 4; lastKnownFileType = sourcecode.swift; name = EventsDatabase.swift; path = Data/EventsDatabase.swift; sourceTree = "<group>"; };
		7BA05BE41DD4CCB1009AC121 /* Event.swift */ = {isa = PBXFileReference; fileEncoding = 4; lastKnownFileType = sourcecode.swift; path = Event.swift; sourceTree = "<group>"; };
		7BA05BE81DD4D149009AC121 /* EventsController.swift */ = {isa = PBXFileReference; fileEncoding = 4; lastKnownFileType = sourcecode.swift; name = EventsController.swift; path = Data/EventsController.swift; sourceTree = "<group>"; };
		7BA05BEA1DD4D602009AC121 /* EventNotificationsManager.swift */ = {isa = PBXFileReference; fileEncoding = 4; lastKnownFileType = sourcecode.swift; path = EventNotificationsManager.swift; sourceTree = "<group>"; };
		7BB1CA441DC39756004AEE56 /* ImageCarouselCollectionViewCell.swift */ = {isa = PBXFileReference; fileEncoding = 4; lastKnownFileType = sourcecode.swift; path = ImageCarouselCollectionViewCell.swift; sourceTree = "<group>"; };
		7BB1CA461DC39FB3004AEE56 /* PlaceDetailsCardViewController.swift */ = {isa = PBXFileReference; fileEncoding = 4; lastKnownFileType = sourcecode.swift; path = PlaceDetailsCardViewController.swift; sourceTree = "<group>"; };
		7BB1CA481DC8C6C5004AEE56 /* MapButton.swift */ = {isa = PBXFileReference; fileEncoding = 4; lastKnownFileType = sourcecode.swift; path = MapButton.swift; sourceTree = "<group>"; };
		7BD5CC6D1DAFF07E00BCF50D /* GeoFire.h */ = {isa = PBXFileReference; fileEncoding = 4; lastKnownFileType = sourcecode.c.h; path = GeoFire.h; sourceTree = "<group>"; };
		7BD5CC6E1DAFF07E00BCF50D /* GFCircleQuery.h */ = {isa = PBXFileReference; fileEncoding = 4; lastKnownFileType = sourcecode.c.h; path = GFCircleQuery.h; sourceTree = "<group>"; };
		7BD5CC6F1DAFF07E00BCF50D /* GFQuery.h */ = {isa = PBXFileReference; fileEncoding = 4; lastKnownFileType = sourcecode.c.h; path = GFQuery.h; sourceTree = "<group>"; };
		7BD5CC701DAFF07E00BCF50D /* GFRegionQuery.h */ = {isa = PBXFileReference; fileEncoding = 4; lastKnownFileType = sourcecode.c.h; path = GFRegionQuery.h; sourceTree = "<group>"; };
		7BD5CC711DAFF07E00BCF50D /* GeoFire-Prefix.pch */ = {isa = PBXFileReference; fileEncoding = 4; lastKnownFileType = sourcecode.c.h; path = "GeoFire-Prefix.pch"; sourceTree = "<group>"; };
		7BD5CC731DAFF07E00BCF50D /* GeoFire+Private.h */ = {isa = PBXFileReference; fileEncoding = 4; lastKnownFileType = sourcecode.c.h; path = "GeoFire+Private.h"; sourceTree = "<group>"; };
		7BD5CC741DAFF07E00BCF50D /* GeoFire.m */ = {isa = PBXFileReference; fileEncoding = 4; lastKnownFileType = sourcecode.c.objc; path = GeoFire.m; sourceTree = "<group>"; };
		7BD5CC751DAFF07E00BCF50D /* GFBase32Utils.h */ = {isa = PBXFileReference; fileEncoding = 4; lastKnownFileType = sourcecode.c.h; path = GFBase32Utils.h; sourceTree = "<group>"; };
		7BD5CC761DAFF07E00BCF50D /* GFBase32Utils.m */ = {isa = PBXFileReference; fileEncoding = 4; lastKnownFileType = sourcecode.c.objc; path = GFBase32Utils.m; sourceTree = "<group>"; };
		7BD5CC771DAFF07E00BCF50D /* GFGeoHash.h */ = {isa = PBXFileReference; fileEncoding = 4; lastKnownFileType = sourcecode.c.h; path = GFGeoHash.h; sourceTree = "<group>"; };
		7BD5CC781DAFF07E00BCF50D /* GFGeoHash.m */ = {isa = PBXFileReference; fileEncoding = 4; lastKnownFileType = sourcecode.c.objc; path = GFGeoHash.m; sourceTree = "<group>"; };
		7BD5CC791DAFF07E00BCF50D /* GFGeoHashQuery.h */ = {isa = PBXFileReference; fileEncoding = 4; lastKnownFileType = sourcecode.c.h; path = GFGeoHashQuery.h; sourceTree = "<group>"; };
		7BD5CC7A1DAFF07E00BCF50D /* GFGeoHashQuery.m */ = {isa = PBXFileReference; fileEncoding = 4; lastKnownFileType = sourcecode.c.objc; path = GFGeoHashQuery.m; sourceTree = "<group>"; };
		7BD5CC7B1DAFF07E00BCF50D /* GFQuery+Private.h */ = {isa = PBXFileReference; fileEncoding = 4; lastKnownFileType = sourcecode.c.h; path = "GFQuery+Private.h"; sourceTree = "<group>"; };
		7BD5CC7C1DAFF07E00BCF50D /* GFQuery.m */ = {isa = PBXFileReference; fileEncoding = 4; lastKnownFileType = sourcecode.c.objc; path = GFQuery.m; sourceTree = "<group>"; };
		7BD5CC881DB0EB7400BCF50D /* GoogleService-Info.plist */ = {isa = PBXFileReference; fileEncoding = 4; lastKnownFileType = text.plist.xml; path = "GoogleService-Info.plist"; sourceTree = "<group>"; };
		A62868128BA3BDA4EF8E22F1 /* Pods-ProxTests.enterprise.xcconfig */ = {isa = PBXFileReference; includeInIndex = 1; lastKnownFileType = text.xcconfig; name = "Pods-ProxTests.enterprise.xcconfig"; path = "../Pods/Target Support Files/Pods-ProxTests/Pods-ProxTests.enterprise.xcconfig"; sourceTree = "<group>"; };
		BD2188137E599F03500C7FBD /* Pods-ProxUITests.enterprise kona.xcconfig */ = {isa = PBXFileReference; includeInIndex = 1; lastKnownFileType = text.xcconfig; name = "Pods-ProxUITests.enterprise kona.xcconfig"; path = "../Pods/Target Support Files/Pods-ProxUITests/Pods-ProxUITests.enterprise kona.xcconfig"; sourceTree = "<group>"; };
		D3DA777E1DC2776C009C114E /* BuddyBuildSDK.framework */ = {isa = PBXFileReference; lastKnownFileType = wrapper.framework; name = BuddyBuildSDK.framework; path = ../Pods/BuddyBuildSDK/BuddyBuildSDK.framework; sourceTree = "<group>"; };
		D3DA77821DC289A4009C114E /* Prox-Bridging-Header.h */ = {isa = PBXFileReference; fileEncoding = 4; lastKnownFileType = sourcecode.c.h; path = "Prox-Bridging-Header.h"; sourceTree = "<group>"; };
		D4ACFAE1468306F6BC08DB51 /* Pods-ProxUITests.debug.xcconfig */ = {isa = PBXFileReference; includeInIndex = 1; lastKnownFileType = text.xcconfig; name = "Pods-ProxUITests.debug.xcconfig"; path = "../Pods/Target Support Files/Pods-ProxUITests/Pods-ProxUITests.debug.xcconfig"; sourceTree = "<group>"; };
		D7E6AA9F3734D8F66B0C39F3 /* Pods_ProxUITests.framework */ = {isa = PBXFileReference; explicitFileType = wrapper.framework; includeInIndex = 0; path = Pods_ProxUITests.framework; sourceTree = BUILT_PRODUCTS_DIR; };
		E60A42701DF28E01008BE74D /* URL.swift */ = {isa = PBXFileReference; fileEncoding = 4; lastKnownFileType = sourcecode.swift; name = URL.swift; path = Extensions/URL.swift; sourceTree = "<group>"; };
		E60A42761DF29127008BE74D /* URLTests.swift */ = {isa = PBXFileReference; fileEncoding = 4; lastKnownFileType = sourcecode.swift; path = URLTests.swift; sourceTree = "<group>"; };
		E6101A8F1DDA45CD00D05B74 /* Data.bundle */ = {isa = PBXFileReference; lastKnownFileType = "wrapper.plug-in"; path = Data.bundle; sourceTree = "<group>"; };
		E6101A951DDA481800D05B74 /* CategoriesUtilTests.swift */ = {isa = PBXFileReference; fileEncoding = 4; lastKnownFileType = sourcecode.swift; path = CategoriesUtilTests.swift; sourceTree = "<group>"; };
		E6101A971DDA7B8500D05B74 /* CategoriesUtil.swift */ = {isa = PBXFileReference; fileEncoding = 4; lastKnownFileType = sourcecode.swift; path = CategoriesUtil.swift; sourceTree = "<group>"; };
		E61252F01DDF761C007E33B7 /* MapPlacesTransition.swift */ = {isa = PBXFileReference; fileEncoding = 4; lastKnownFileType = sourcecode.swift; path = MapPlacesTransition.swift; sourceTree = "<group>"; };
		E61831981DE0BDBA00D1810F /* TravelTimesView.swift */ = {isa = PBXFileReference; fileEncoding = 4; lastKnownFileType = sourcecode.swift; path = TravelTimesView.swift; sourceTree = "<group>"; };
		E618319A1DE0C57700D1810F /* PlaceDetailsTravelTimesView.swift */ = {isa = PBXFileReference; fileEncoding = 4; lastKnownFileType = sourcecode.swift; path = PlaceDetailsTravelTimesView.swift; sourceTree = "<group>"; };
		E61972131DD28B7A00C9D093 /* PlaceDetailsEventView.swift */ = {isa = PBXFileReference; fileEncoding = 4; lastKnownFileType = sourcecode.swift; path = PlaceDetailsEventView.swift; sourceTree = "<group>"; };
		E63C346E1DDCDFBB005B6B15 /* LocationLoadingView.swift */ = {isa = PBXFileReference; fileEncoding = 4; lastKnownFileType = sourcecode.swift; path = LocationLoadingView.swift; sourceTree = "<group>"; };
		E65857DD1DB69F4200CD18F8 /* ReviewProvider.swift */ = {isa = PBXFileReference; fileEncoding = 4; lastKnownFileType = sourcecode.swift; path = ReviewProvider.swift; sourceTree = "<group>"; };
		E662FF491DC022940042C4A9 /* PlaceDetailsCardView.swift */ = {isa = PBXFileReference; fileEncoding = 4; lastKnownFileType = sourcecode.swift; path = PlaceDetailsCardView.swift; sourceTree = "<group>"; };
		E662FF4B1DC030170042C4A9 /* PlaceDetailsIconInfoView.swift */ = {isa = PBXFileReference; fileEncoding = 4; lastKnownFileType = sourcecode.swift; path = PlaceDetailsIconInfoView.swift; sourceTree = "<group>"; };
		E662FF4D1DC1861C0042C4A9 /* PlaceDetailsDescriptionView.swift */ = {isa = PBXFileReference; fileEncoding = 4; lastKnownFileType = sourcecode.swift; path = PlaceDetailsDescriptionView.swift; sourceTree = "<group>"; };
		E67146351DB54896007A99E4 /* CLLocationManager.swift */ = {isa = PBXFileReference; fileEncoding = 4; lastKnownFileType = sourcecode.swift; name = CLLocationManager.swift; path = Extensions/CLLocationManager.swift; sourceTree = "<group>"; };
		E67D49FC1DDE42F0005E17F9 /* LoadingOverlayView.swift */ = {isa = PBXFileReference; fileEncoding = 4; lastKnownFileType = sourcecode.swift; path = LoadingOverlayView.swift; sourceTree = "<group>"; };
		E681E7571DE3562200902CDA /* Animatable.swift */ = {isa = PBXFileReference; fileEncoding = 4; lastKnownFileType = sourcecode.swift; path = Animatable.swift; sourceTree = "<group>"; };
		E68BD90C1DCA9E8E007B51A3 /* DayOfWeekTests.swift */ = {isa = PBXFileReference; fileEncoding = 4; lastKnownFileType = sourcecode.swift; path = DayOfWeekTests.swift; sourceTree = "<group>"; };
		E68BD90E1DCAAD6B007B51A3 /* OpenHoursTests.swift */ = {isa = PBXFileReference; fileEncoding = 4; lastKnownFileType = sourcecode.swift; path = OpenHoursTests.swift; sourceTree = "<group>"; };
		E69E6C111DEF6679007FCE86 /* CrossFadeTransition.swift */ = {isa = PBXFileReference; fileEncoding = 4; lastKnownFileType = sourcecode.swift; path = CrossFadeTransition.swift; sourceTree = "<group>"; };
/* End PBXFileReference section */

/* Begin PBXFrameworksBuildPhase section */
		7B29E7BC1DA3EC360099AF38 /* Frameworks */ = {
			isa = PBXFrameworksBuildPhase;
			buildActionMask = 2147483647;
			files = (
				4F00E2C2201E3A088D934AE0 /* Pods_Prox.framework in Frameworks */,
			);
			runOnlyForDeploymentPostprocessing = 0;
		};
		7B29E7D01DA3EC360099AF38 /* Frameworks */ = {
			isa = PBXFrameworksBuildPhase;
			buildActionMask = 2147483647;
			files = (
				7C79B23D6CD1B1AC5A860E9E /* Pods_ProxTests.framework in Frameworks */,
			);
			runOnlyForDeploymentPostprocessing = 0;
		};
		7B29E7DB1DA3EC360099AF38 /* Frameworks */ = {
			isa = PBXFrameworksBuildPhase;
			buildActionMask = 2147483647;
			files = (
				EC42FE32127D2BD0FE36402D /* Pods_ProxUITests.framework in Frameworks */,
			);
			runOnlyForDeploymentPostprocessing = 0;
		};
/* End PBXFrameworksBuildPhase section */

/* Begin PBXGroup section */
		2FBD246F5822237F9BDC246D /* Frameworks */ = {
			isa = PBXGroup;
			children = (
				D3DA777E1DC2776C009C114E /* BuddyBuildSDK.framework */,
				29190FCA903C1D1AF4C77316 /* Pods_Prox.framework */,
				032E1A5B4FC2DB4F395E29E9 /* Pods_ProxTests.framework */,
				D7E6AA9F3734D8F66B0C39F3 /* Pods_ProxUITests.framework */,
			);
			name = Frameworks;
			sourceTree = "<group>";
		};
		7B29E7B61DA3EC360099AF38 = {
			isa = PBXGroup;
			children = (
				7B561BB91DAC02B90096D8BC /* hilton_location.gpx */,
				7B29E7C11DA3EC360099AF38 /* Prox */,
				7B29E7D61DA3EC360099AF38 /* ProxTests */,
				7B29E7E11DA3EC360099AF38 /* ProxUITests */,
				7B29E7C01DA3EC360099AF38 /* Products */,
				B811BE4A32B2F4B8A7FAAB00 /* Pods */,
				2FBD246F5822237F9BDC246D /* Frameworks */,
			);
			sourceTree = "<group>";
		};
		7B29E7C01DA3EC360099AF38 /* Products */ = {
			isa = PBXGroup;
			children = (
				7B29E7BF1DA3EC360099AF38 /* Prox.app */,
				7B29E7D31DA3EC360099AF38 /* ProxTests.xctest */,
				7B29E7DE1DA3EC360099AF38 /* ProxUITests.xctest */,
			);
			name = Products;
			sourceTree = "<group>";
		};
		7B29E7C11DA3EC360099AF38 /* Prox */ = {
			isa = PBXGroup;
			children = (
				7B29E7C21DA3EC360099AF38 /* AppDelegate.swift */,
				7B29E7C91DA3EC360099AF38 /* Assets.xcassets */,
				E6101A8F1DDA45CD00D05B74 /* Data.bundle */,
				E65857E31DB6A75400CD18F8 /* Database */,
				7BD5CC881DB0EB7400BCF50D /* GoogleService-Info.plist */,
				23039CD31DE56D5200653FCD /* APIKeys.plist */,
				392F3D961DD4395000B44B01 /* RemoteConfigDefaults.plist */,
				39C4EC9C1DDB464200B53B77 /* RemoteConfigKeys.swift */,
				E67146341DB5488D007A99E4 /* Extensions */,
				7B29E7CE1DA3EC360099AF38 /* Info.plist */,
				7B29E7CB1DA3EC360099AF38 /* LaunchScreen.storyboard */,
				7B5095631DB531CA007C54F0 /* Models */,
				7B561BB11DABD5730096D8BC /* Place Carousel */,
				7B9DA1581DBE6F0A00A68C82 /* PlaceDetails */,
				D3DA77821DC289A4009C114E /* Prox-Bridging-Header.h */,
				7BD5CC601DAFF02100BCF50D /* ThirdParty */,
				7B50956F1DB5352E007C54F0 /* Utilities */,
				7B5095681DB53382007C54F0 /* Widgets */,
			);
			path = Prox;
			sourceTree = "<group>";
		};
		7B29E7D61DA3EC360099AF38 /* ProxTests */ = {
			isa = PBXGroup;
			children = (
				E68BD90E1DCAAD6B007B51A3 /* OpenHoursTests.swift */,
				E68BD90C1DCA9E8E007B51A3 /* DayOfWeekTests.swift */,
				7B29E7D71DA3EC360099AF38 /* ProxTests.swift */,
				7B29E7D91DA3EC360099AF38 /* Info.plist */,
				7B5095801DB65FD4007C54F0 /* TravelTimesTests.swift */,
				7B86518F1DBF8544002A666A /* PlaceCarouselViewControllerTests.swift */,
				7B8651931DBFAFA8002A666A /* PlaceUtilitiesTests.swift */,
				E6101A951DDA481800D05B74 /* CategoriesUtilTests.swift */,
				7B2EF5861DDF4D7200695515 /* TimeIntervalTests.swift */,
				7B2EF58D1DE36E8600695515 /* EventTests.swift */,
				E60A42761DF29127008BE74D /* URLTests.swift */,
			);
			path = ProxTests;
			sourceTree = "<group>";
		};
		7B29E7E11DA3EC360099AF38 /* ProxUITests */ = {
			isa = PBXGroup;
			children = (
				7B29E7E21DA3EC360099AF38 /* ProxUITests.swift */,
				7B29E7E41DA3EC360099AF38 /* Info.plist */,
			);
			path = ProxUITests;
			sourceTree = "<group>";
		};
		7B5095631DB531CA007C54F0 /* Models */ = {
			isa = PBXGroup;
			children = (
				E65857DD1DB69F4200CD18F8 /* ReviewProvider.swift */,
				7B5095641DB531CA007C54F0 /* Place.swift */,
				7B48EBD91DD1F679005C36CB /* GeofenceRegion.swift */,
				7BA05BE41DD4CCB1009AC121 /* Event.swift */,
				2380CA901DE4140A002D73F1 /* AppState.swift */,
			);
			path = Models;
			sourceTree = "<group>";
		};
		7B5095681DB53382007C54F0 /* Widgets */ = {
			isa = PBXGroup;
			children = (
				7B23BD1E1DE862F500A23604 /* ChevronView.swift */,
				7B50956D1DB53429007C54F0 /* HorizontalLineView.swift */,
				7B5095691DB53382007C54F0 /* ReviewContainerView.swift */,
				7B50956A1DB53382007C54F0 /* ReviewScoreView.swift */,
				E61831981DE0BDBA00D1810F /* TravelTimesView.swift */,
				E63C346E1DDCDFBB005B6B15 /* LocationLoadingView.swift */,
				E67D49FC1DDE42F0005E17F9 /* LoadingOverlayView.swift */,
				7B699A9D1DEDD635004A671B /* InAppNotificationToast.swift */,
			);
			path = Widgets;
			sourceTree = "<group>";
		};
		7B50956F1DB5352E007C54F0 /* Utilities */ = {
			isa = PBXGroup;
			children = (
				7B0ECE471DD6145500ABBD72 /* LocationMonitor.swift */,
				E681E7571DE3562200902CDA /* Animatable.swift */,
				7B5095771DB64E76007C54F0 /* TravelTimesProvider.swift */,
				7B5095701DB5352E007C54F0 /* Colors.swift */,
				7B5095711DB5352E007C54F0 /* Fonts.swift */,
				7B9DA14A1DBE332E00A68C82 /* AppConstants.swift */,
				7B8651911DBFAF19002A666A /* PlaceUtilities.swift */,
				7B9D15C51DC0D2E70051B760 /* OpenInHelper.swift */,
				7BA05BEA1DD4D602009AC121 /* EventNotificationsManager.swift */,
				E6101A971DDA7B8500D05B74 /* CategoriesUtil.swift */,
				234AF1591DDFD91C00097B0B /* AnalyticsUtilities.swift */,
			);
			path = Utilities;
			sourceTree = "<group>";
		};
		7B561BB11DABD5730096D8BC /* Place Carousel */ = {
			isa = PBXGroup;
			children = (
				7B9DA1561DBE6EE300A68C82 /* PlaceCarouselViewController.swift */,
				7B5095661DB53378007C54F0 /* PlaceCarouselCollectionViewCell.swift */,
				7B5095611DB531C0007C54F0 /* PlaceCarousel.swift */,
				7B561BB21DABD5C90096D8BC /* PlaceCarouselHeaderView.swift */,
				E61252F01DDF761C007E33B7 /* MapPlacesTransition.swift */,
				E69E6C111DEF6679007FCE86 /* CrossFadeTransition.swift */,
			);
			name = "Place Carousel";
			sourceTree = "<group>";
		};
		7B9D15C91DC35E530051B760 /* OpenInFirefoxClient */ = {
			isa = PBXGroup;
			children = (
				7B9D15C71DC0D51C0051B760 /* OpenInFirefoxControllerSwift.swift */,
			);
			name = OpenInFirefoxClient;
			sourceTree = "<group>";
		};
		7B9DA1581DBE6F0A00A68C82 /* PlaceDetails */ = {
			isa = PBXGroup;
			children = (
				7B9DA1591DBE6F7500A68C82 /* PlaceDetailViewController.swift */,
				E662FF491DC022940042C4A9 /* PlaceDetailsCardView.swift */,
				E662FF4B1DC030170042C4A9 /* PlaceDetailsIconInfoView.swift */,
				E662FF4D1DC1861C0042C4A9 /* PlaceDetailsDescriptionView.swift */,
				7BB1CA441DC39756004AEE56 /* ImageCarouselCollectionViewCell.swift */,
				7BB1CA481DC8C6C5004AEE56 /* MapButton.swift */,
				7BB1CA461DC39FB3004AEE56 /* PlaceDetailsCardViewController.swift */,
				E61972131DD28B7A00C9D093 /* PlaceDetailsEventView.swift */,
				E618319A1DE0C57700D1810F /* PlaceDetailsTravelTimesView.swift */,
			);
			path = PlaceDetails;
			sourceTree = "<group>";
		};
		7BD5CC601DAFF02100BCF50D /* ThirdParty */ = {
			isa = PBXGroup;
			children = (
				7B9D15C91DC35E530051B760 /* OpenInFirefoxClient */,
				7BD5CC6B1DAFF07E00BCF50D /* GeoFire */,
			);
			name = ThirdParty;
			sourceTree = "<group>";
		};
		7BD5CC6B1DAFF07E00BCF50D /* GeoFire */ = {
			isa = PBXGroup;
			children = (
				7BD5CC6C1DAFF07E00BCF50D /* API */,
				7BD5CC711DAFF07E00BCF50D /* GeoFire-Prefix.pch */,
				7BD5CC721DAFF07E00BCF50D /* Implementation */,
			);
			path = GeoFire;
			sourceTree = "<group>";
		};
		7BD5CC6C1DAFF07E00BCF50D /* API */ = {
			isa = PBXGroup;
			children = (
				7BD5CC6D1DAFF07E00BCF50D /* GeoFire.h */,
				7BD5CC6E1DAFF07E00BCF50D /* GFCircleQuery.h */,
				7BD5CC6F1DAFF07E00BCF50D /* GFQuery.h */,
				7BD5CC701DAFF07E00BCF50D /* GFRegionQuery.h */,
			);
			path = API;
			sourceTree = "<group>";
		};
		7BD5CC721DAFF07E00BCF50D /* Implementation */ = {
			isa = PBXGroup;
			children = (
				7BD5CC731DAFF07E00BCF50D /* GeoFire+Private.h */,
				7BD5CC741DAFF07E00BCF50D /* GeoFire.m */,
				7BD5CC751DAFF07E00BCF50D /* GFBase32Utils.h */,
				7BD5CC761DAFF07E00BCF50D /* GFBase32Utils.m */,
				7BD5CC771DAFF07E00BCF50D /* GFGeoHash.h */,
				7BD5CC781DAFF07E00BCF50D /* GFGeoHash.m */,
				7BD5CC791DAFF07E00BCF50D /* GFGeoHashQuery.h */,
				7BD5CC7A1DAFF07E00BCF50D /* GFGeoHashQuery.m */,
				7BD5CC7B1DAFF07E00BCF50D /* GFQuery+Private.h */,
				7BD5CC7C1DAFF07E00BCF50D /* GFQuery.m */,
			);
			path = Implementation;
			sourceTree = "<group>";
		};
		B811BE4A32B2F4B8A7FAAB00 /* Pods */ = {
			isa = PBXGroup;
			children = (
				75091F0A7DE7F3D6E008D07B /* Pods-Prox.debug.xcconfig */,
				246E3C4ADD7C4DD2150C111B /* Pods-Prox.release.xcconfig */,
				55740F6C4426324FDA569848 /* Pods-Prox.enterprise.xcconfig */,
				64E189E4D93A85A43CF269E2 /* Pods-ProxTests.debug.xcconfig */,
				0EA57261799D082127AF0A24 /* Pods-ProxTests.release.xcconfig */,
				A62868128BA3BDA4EF8E22F1 /* Pods-ProxTests.enterprise.xcconfig */,
				D4ACFAE1468306F6BC08DB51 /* Pods-ProxUITests.debug.xcconfig */,
				324CE3415A3E66A0F7F7CF54 /* Pods-ProxUITests.release.xcconfig */,
				18F1C6CC1D18EC45A9072FF1 /* Pods-ProxUITests.enterprise.xcconfig */,
				1E318DF6890B9E7221222152 /* Pods-Prox.enterprise kona.xcconfig */,
				0B7888AD8C6E7538A1FCCDD3 /* Pods-ProxTests.enterprise kona.xcconfig */,
				BD2188137E599F03500C7FBD /* Pods-ProxUITests.enterprise kona.xcconfig */,
			);
			name = Pods;
			sourceTree = "<group>";
		};
		E65857E31DB6A75400CD18F8 /* Database */ = {
			isa = PBXGroup;
			children = (
				7B9DA1521DBE6ED300A68C82 /* FirebasePlacesDatabase.swift */,
				7B9DA1531DBE6ED300A68C82 /* PlacesDatabase.swift */,
				7B5095841DB903B7007C54F0 /* DatabaseResult.swift */,
				7BA05BE21DD4CC75009AC121 /* EventsDatabase.swift */,
				7BA05BE81DD4D149009AC121 /* EventsController.swift */,
				392F3D8F1DD20EAE00B44B01 /* PlacesController.swift */,
				7B1C657A1DDCA9A90047559C /* FirebaseEventsDatabase.swift */,
			);
			name = Database;
			sourceTree = "<group>";
		};
		E67146341DB5488D007A99E4 /* Extensions */ = {
			isa = PBXGroup;
			children = (
				7B5095741DB62590007C54F0 /* NSLayoutConstraint.swift */,
				E67146351DB54896007A99E4 /* CLLocationManager.swift */,
				7B1C657C1DDF28F00047559C /* TimeInterval.swift */,
				E60A42701DF28E01008BE74D /* URL.swift */,
			);
			name = Extensions;
			sourceTree = "<group>";
		};
/* End PBXGroup section */

/* Begin PBXNativeTarget section */
		7B29E7BE1DA3EC360099AF38 /* Prox */ = {
			isa = PBXNativeTarget;
			buildConfigurationList = 7B29E7E71DA3EC360099AF38 /* Build configuration list for PBXNativeTarget "Prox" */;
			buildPhases = (
				6729F4AA6A17117FF7E684CC /* [CP] Check Pods Manifest.lock */,
				7B29E7BB1DA3EC360099AF38 /* Sources */,
				7B29E7BC1DA3EC360099AF38 /* Frameworks */,
				7B29E7BD1DA3EC360099AF38 /* Resources */,
				1636215F6AEC5220231BB4FE /* [CP] Embed Pods Frameworks */,
				E44ED0698E7847B03C5E0B42 /* [CP] Copy Pods Resources */,
			);
			buildRules = (
			);
			dependencies = (
			);
			name = Prox;
			productName = Prox;
			productReference = 7B29E7BF1DA3EC360099AF38 /* Prox.app */;
			productType = "com.apple.product-type.application";
		};
		7B29E7D21DA3EC360099AF38 /* ProxTests */ = {
			isa = PBXNativeTarget;
			buildConfigurationList = 7B29E7EA1DA3EC360099AF38 /* Build configuration list for PBXNativeTarget "ProxTests" */;
			buildPhases = (
				643E48FB3AA842999EDB7FE3 /* [CP] Check Pods Manifest.lock */,
				7B29E7CF1DA3EC360099AF38 /* Sources */,
				7B29E7D01DA3EC360099AF38 /* Frameworks */,
				7B29E7D11DA3EC360099AF38 /* Resources */,
				34C4A169046F5246D4454DE4 /* [CP] Embed Pods Frameworks */,
				DFBE10C041A9079EC4DBA2FF /* [CP] Copy Pods Resources */,
			);
			buildRules = (
			);
			dependencies = (
				7B29E7D51DA3EC360099AF38 /* PBXTargetDependency */,
			);
			name = ProxTests;
			productName = ProxTests;
			productReference = 7B29E7D31DA3EC360099AF38 /* ProxTests.xctest */;
			productType = "com.apple.product-type.bundle.unit-test";
		};
		7B29E7DD1DA3EC360099AF38 /* ProxUITests */ = {
			isa = PBXNativeTarget;
			buildConfigurationList = 7B29E7ED1DA3EC360099AF38 /* Build configuration list for PBXNativeTarget "ProxUITests" */;
			buildPhases = (
				F8045576D5583DACFDA0B851 /* [CP] Check Pods Manifest.lock */,
				7B29E7DA1DA3EC360099AF38 /* Sources */,
				7B29E7DB1DA3EC360099AF38 /* Frameworks */,
				7B29E7DC1DA3EC360099AF38 /* Resources */,
				03ADAB43F4290053FD239A9E /* [CP] Copy Pods Resources */,
				FD98667ED4EB26FD0CEF79F8 /* [CP] Embed Pods Frameworks */,
			);
			buildRules = (
			);
			dependencies = (
				7B29E7E01DA3EC360099AF38 /* PBXTargetDependency */,
			);
			name = ProxUITests;
			productName = ProxUITests;
			productReference = 7B29E7DE1DA3EC360099AF38 /* ProxUITests.xctest */;
			productType = "com.apple.product-type.bundle.ui-testing";
		};
/* End PBXNativeTarget section */

/* Begin PBXProject section */
		7B29E7B71DA3EC360099AF38 /* Project object */ = {
			isa = PBXProject;
			attributes = {
				LastSwiftUpdateCheck = 0800;
				LastUpgradeCheck = 0800;
				ORGANIZATIONNAME = Mozilla;
				TargetAttributes = {
					7B29E7BE1DA3EC360099AF38 = {
						CreatedOnToolsVersion = 8.0;
						DevelopmentTeam = 43AQ936H96;
						ProvisioningStyle = Automatic;
						SystemCapabilities = {
							com.apple.BackgroundModes = {
								enabled = 1;
							};
						};
					};
					7B29E7D21DA3EC360099AF38 = {
						CreatedOnToolsVersion = 8.0;
						DevelopmentTeam = 9G8J6YA743;
						ProvisioningStyle = Automatic;
						TestTargetID = 7B29E7BE1DA3EC360099AF38;
					};
					7B29E7DD1DA3EC360099AF38 = {
						CreatedOnToolsVersion = 8.0;
						DevelopmentTeam = 9G8J6YA743;
						ProvisioningStyle = Automatic;
						TestTargetID = 7B29E7BE1DA3EC360099AF38;
					};
				};
			};
			buildConfigurationList = 7B29E7BA1DA3EC360099AF38 /* Build configuration list for PBXProject "Prox" */;
			compatibilityVersion = "Xcode 3.2";
			developmentRegion = English;
			hasScannedForEncodings = 0;
			knownRegions = (
				en,
				Base,
			);
			mainGroup = 7B29E7B61DA3EC360099AF38;
			productRefGroup = 7B29E7C01DA3EC360099AF38 /* Products */;
			projectDirPath = "";
			projectRoot = "";
			targets = (
				7B29E7BE1DA3EC360099AF38 /* Prox */,
				7B29E7D21DA3EC360099AF38 /* ProxTests */,
				7B29E7DD1DA3EC360099AF38 /* ProxUITests */,
			);
		};
/* End PBXProject section */

/* Begin PBXResourcesBuildPhase section */
		7B29E7BD1DA3EC360099AF38 /* Resources */ = {
			isa = PBXResourcesBuildPhase;
			buildActionMask = 2147483647;
			files = (
				7B561BBA1DAC02B90096D8BC /* hilton_location.gpx in Resources */,
				392F3D971DD4395000B44B01 /* RemoteConfigDefaults.plist in Resources */,
				23039CD41DE56D5200653FCD /* APIKeys.plist in Resources */,
				7BD5CC891DB0EB7400BCF50D /* GoogleService-Info.plist in Resources */,
				7B29E7CD1DA3EC360099AF38 /* LaunchScreen.storyboard in Resources */,
				7B29E7CA1DA3EC360099AF38 /* Assets.xcassets in Resources */,
				E6101A901DDA45CD00D05B74 /* Data.bundle in Resources */,
			);
			runOnlyForDeploymentPostprocessing = 0;
		};
		7B29E7D11DA3EC360099AF38 /* Resources */ = {
			isa = PBXResourcesBuildPhase;
			buildActionMask = 2147483647;
			files = (
				7BD5CC8A1DB0EB7400BCF50D /* GoogleService-Info.plist in Resources */,
				E6101A911DDA45CD00D05B74 /* Data.bundle in Resources */,
			);
			runOnlyForDeploymentPostprocessing = 0;
		};
		7B29E7DC1DA3EC360099AF38 /* Resources */ = {
			isa = PBXResourcesBuildPhase;
			buildActionMask = 2147483647;
			files = (
				7BD5CC8B1DB0EB7400BCF50D /* GoogleService-Info.plist in Resources */,
				E6101A921DDA45CD00D05B74 /* Data.bundle in Resources */,
			);
			runOnlyForDeploymentPostprocessing = 0;
		};
/* End PBXResourcesBuildPhase section */

/* Begin PBXShellScriptBuildPhase section */
		03ADAB43F4290053FD239A9E /* [CP] Copy Pods Resources */ = {
			isa = PBXShellScriptBuildPhase;
			buildActionMask = 2147483647;
			files = (
			);
			inputPaths = (
			);
			name = "[CP] Copy Pods Resources";
			outputPaths = (
			);
			runOnlyForDeploymentPostprocessing = 0;
			shellPath = /bin/sh;
			shellScript = "\"${SRCROOT}/../Pods/Target Support Files/Pods-ProxUITests/Pods-ProxUITests-resources.sh\"\n";
			showEnvVarsInLog = 0;
		};
		1636215F6AEC5220231BB4FE /* [CP] Embed Pods Frameworks */ = {
			isa = PBXShellScriptBuildPhase;
			buildActionMask = 2147483647;
			files = (
			);
			inputPaths = (
			);
			name = "[CP] Embed Pods Frameworks";
			outputPaths = (
			);
			runOnlyForDeploymentPostprocessing = 0;
			shellPath = /bin/sh;
			shellScript = "\"${SRCROOT}/../Pods/Target Support Files/Pods-Prox/Pods-Prox-frameworks.sh\"\n";
			showEnvVarsInLog = 0;
		};
		34C4A169046F5246D4454DE4 /* [CP] Embed Pods Frameworks */ = {
			isa = PBXShellScriptBuildPhase;
			buildActionMask = 2147483647;
			files = (
			);
			inputPaths = (
			);
			name = "[CP] Embed Pods Frameworks";
			outputPaths = (
			);
			runOnlyForDeploymentPostprocessing = 0;
			shellPath = /bin/sh;
			shellScript = "\"${SRCROOT}/../Pods/Target Support Files/Pods-ProxTests/Pods-ProxTests-frameworks.sh\"\n";
			showEnvVarsInLog = 0;
		};
		643E48FB3AA842999EDB7FE3 /* [CP] Check Pods Manifest.lock */ = {
			isa = PBXShellScriptBuildPhase;
			buildActionMask = 2147483647;
			files = (
			);
			inputPaths = (
			);
			name = "[CP] Check Pods Manifest.lock";
			outputPaths = (
			);
			runOnlyForDeploymentPostprocessing = 0;
			shellPath = /bin/sh;
			shellScript = "diff \"${PODS_ROOT}/../Podfile.lock\" \"${PODS_ROOT}/Manifest.lock\" > /dev/null\nif [ $? != 0 ] ; then\n    # print error to STDERR\n    echo \"error: The sandbox is not in sync with the Podfile.lock. Run 'pod install' or update your CocoaPods installation.\" >&2\n    exit 1\nfi\n";
			showEnvVarsInLog = 0;
		};
		6729F4AA6A17117FF7E684CC /* [CP] Check Pods Manifest.lock */ = {
			isa = PBXShellScriptBuildPhase;
			buildActionMask = 2147483647;
			files = (
			);
			inputPaths = (
			);
			name = "[CP] Check Pods Manifest.lock";
			outputPaths = (
			);
			runOnlyForDeploymentPostprocessing = 0;
			shellPath = /bin/sh;
			shellScript = "diff \"${PODS_ROOT}/../Podfile.lock\" \"${PODS_ROOT}/Manifest.lock\" > /dev/null\nif [ $? != 0 ] ; then\n    # print error to STDERR\n    echo \"error: The sandbox is not in sync with the Podfile.lock. Run 'pod install' or update your CocoaPods installation.\" >&2\n    exit 1\nfi\n";
			showEnvVarsInLog = 0;
		};
		DFBE10C041A9079EC4DBA2FF /* [CP] Copy Pods Resources */ = {
			isa = PBXShellScriptBuildPhase;
			buildActionMask = 2147483647;
			files = (
			);
			inputPaths = (
			);
			name = "[CP] Copy Pods Resources";
			outputPaths = (
			);
			runOnlyForDeploymentPostprocessing = 0;
			shellPath = /bin/sh;
			shellScript = "\"${SRCROOT}/../Pods/Target Support Files/Pods-ProxTests/Pods-ProxTests-resources.sh\"\n";
			showEnvVarsInLog = 0;
		};
		E44ED0698E7847B03C5E0B42 /* [CP] Copy Pods Resources */ = {
			isa = PBXShellScriptBuildPhase;
			buildActionMask = 2147483647;
			files = (
			);
			inputPaths = (
			);
			name = "[CP] Copy Pods Resources";
			outputPaths = (
			);
			runOnlyForDeploymentPostprocessing = 0;
			shellPath = /bin/sh;
			shellScript = "\"${SRCROOT}/../Pods/Target Support Files/Pods-Prox/Pods-Prox-resources.sh\"\n";
			showEnvVarsInLog = 0;
		};
		F8045576D5583DACFDA0B851 /* [CP] Check Pods Manifest.lock */ = {
			isa = PBXShellScriptBuildPhase;
			buildActionMask = 2147483647;
			files = (
			);
			inputPaths = (
			);
			name = "[CP] Check Pods Manifest.lock";
			outputPaths = (
			);
			runOnlyForDeploymentPostprocessing = 0;
			shellPath = /bin/sh;
			shellScript = "diff \"${PODS_ROOT}/../Podfile.lock\" \"${PODS_ROOT}/Manifest.lock\" > /dev/null\nif [ $? != 0 ] ; then\n    # print error to STDERR\n    echo \"error: The sandbox is not in sync with the Podfile.lock. Run 'pod install' or update your CocoaPods installation.\" >&2\n    exit 1\nfi\n";
			showEnvVarsInLog = 0;
		};
		FD98667ED4EB26FD0CEF79F8 /* [CP] Embed Pods Frameworks */ = {
			isa = PBXShellScriptBuildPhase;
			buildActionMask = 2147483647;
			files = (
			);
			inputPaths = (
			);
			name = "[CP] Embed Pods Frameworks";
			outputPaths = (
			);
			runOnlyForDeploymentPostprocessing = 0;
			shellPath = /bin/sh;
			shellScript = "\"${SRCROOT}/../Pods/Target Support Files/Pods-ProxUITests/Pods-ProxUITests-frameworks.sh\"\n";
			showEnvVarsInLog = 0;
		};
/* End PBXShellScriptBuildPhase section */

/* Begin PBXSourcesBuildPhase section */
		7B29E7BB1DA3EC360099AF38 /* Sources */ = {
			isa = PBXSourcesBuildPhase;
			buildActionMask = 2147483647;
			files = (
				7B9D15C61DC0D2E70051B760 /* OpenInHelper.swift in Sources */,
				E69E6C121DEF6679007FCE86 /* CrossFadeTransition.swift in Sources */,
				7B1C657D1DDF28F00047559C /* TimeInterval.swift in Sources */,
				7B5095731DB5352E007C54F0 /* Fonts.swift in Sources */,
				7BB1CA471DC39FB3004AEE56 /* PlaceDetailsCardViewController.swift in Sources */,
				7BA05BE91DD4D149009AC121 /* EventsController.swift in Sources */,
				7B9D15C81DC0D51C0051B760 /* OpenInFirefoxControllerSwift.swift in Sources */,
				7B5095621DB531C0007C54F0 /* PlaceCarousel.swift in Sources */,
				E63C346F1DDCDFBB005B6B15 /* LocationLoadingView.swift in Sources */,
				7B5095721DB5352E007C54F0 /* Colors.swift in Sources */,
				7B48EBDA1DD1F679005C36CB /* GeofenceRegion.swift in Sources */,
				234AF15A1DDFD91C00097B0B /* AnalyticsUtilities.swift in Sources */,
				E662FF4A1DC022940042C4A9 /* PlaceDetailsCardView.swift in Sources */,
				E6101A981DDA7B8500D05B74 /* CategoriesUtil.swift in Sources */,
				7B561BB31DABD5C90096D8BC /* PlaceCarouselHeaderView.swift in Sources */,
				7BA05BEB1DD4D602009AC121 /* EventNotificationsManager.swift in Sources */,
				E61831991DE0BDBA00D1810F /* TravelTimesView.swift in Sources */,
				7B9DA1541DBE6ED300A68C82 /* FirebasePlacesDatabase.swift in Sources */,
				7B699A9E1DEDD635004A671B /* InAppNotificationToast.swift in Sources */,
				E60A42711DF28E01008BE74D /* URL.swift in Sources */,
				E61252F11DDF761C007E33B7 /* MapPlacesTransition.swift in Sources */,
				7BB1CA451DC39756004AEE56 /* ImageCarouselCollectionViewCell.swift in Sources */,
				7B5095851DB903B7007C54F0 /* DatabaseResult.swift in Sources */,
				7B50956B1DB53382007C54F0 /* ReviewContainerView.swift in Sources */,
				7BD5CC7E1DAFF07E00BCF50D /* GFBase32Utils.m in Sources */,
				7B50956C1DB53382007C54F0 /* ReviewScoreView.swift in Sources */,
				7B9DA15A1DBE6F7500A68C82 /* PlaceDetailViewController.swift in Sources */,
				7BA05BE51DD4CCB1009AC121 /* Event.swift in Sources */,
				7BD5CC801DAFF07E00BCF50D /* GFGeoHashQuery.m in Sources */,
				E618319B1DE0C57700D1810F /* PlaceDetailsTravelTimesView.swift in Sources */,
				7B1C657B1DDCA9A90047559C /* FirebaseEventsDatabase.swift in Sources */,
				E681E7581DE3562200902CDA /* Animatable.swift in Sources */,
				7B9DA1571DBE6EE300A68C82 /* PlaceCarouselViewController.swift in Sources */,
				7B5095671DB53378007C54F0 /* PlaceCarouselCollectionViewCell.swift in Sources */,
				7B5095751DB62590007C54F0 /* NSLayoutConstraint.swift in Sources */,
				2380CA911DE4140A002D73F1 /* AppState.swift in Sources */,
				7BD5CC7D1DAFF07E00BCF50D /* GeoFire.m in Sources */,
				E67146361DB54896007A99E4 /* CLLocationManager.swift in Sources */,
				E662FF4E1DC1861C0042C4A9 /* PlaceDetailsDescriptionView.swift in Sources */,
				7B8651921DBFAF19002A666A /* PlaceUtilities.swift in Sources */,
				39C4EC9D1DDB464200B53B77 /* RemoteConfigKeys.swift in Sources */,
				E65857DE1DB69F4200CD18F8 /* ReviewProvider.swift in Sources */,
				7BD5CC7F1DAFF07E00BCF50D /* GFGeoHash.m in Sources */,
				E67D49FD1DDE42F0005E17F9 /* LoadingOverlayView.swift in Sources */,
				7B50956E1DB53429007C54F0 /* HorizontalLineView.swift in Sources */,
				7B9DA14B1DBE332E00A68C82 /* AppConstants.swift in Sources */,
				392F3D901DD20EAE00B44B01 /* PlacesController.swift in Sources */,
				7B23BD1F1DE862F500A23604 /* ChevronView.swift in Sources */,
				7B5095781DB64E76007C54F0 /* TravelTimesProvider.swift in Sources */,
				7BA05BE31DD4CC75009AC121 /* EventsDatabase.swift in Sources */,
				7B29E7C31DA3EC360099AF38 /* AppDelegate.swift in Sources */,
				7BB1CA491DC8C6C5004AEE56 /* MapButton.swift in Sources */,
				E662FF4C1DC030170042C4A9 /* PlaceDetailsIconInfoView.swift in Sources */,
				7BD5CC811DAFF07E00BCF50D /* GFQuery.m in Sources */,
				7B9DA1551DBE6ED300A68C82 /* PlacesDatabase.swift in Sources */,
				7B5095651DB531CA007C54F0 /* Place.swift in Sources */,
				7B0ECE481DD6145500ABBD72 /* LocationMonitor.swift in Sources */,
				E61972141DD28B7A00C9D093 /* PlaceDetailsEventView.swift in Sources */,
			);
			runOnlyForDeploymentPostprocessing = 0;
		};
		7B29E7CF1DA3EC360099AF38 /* Sources */ = {
			isa = PBXSourcesBuildPhase;
			buildActionMask = 2147483647;
			files = (
				7B8651901DBF8544002A666A /* PlaceCarouselViewControllerTests.swift in Sources */,
				E6101A961DDA481800D05B74 /* CategoriesUtilTests.swift in Sources */,
				7B5095811DB65FD4007C54F0 /* TravelTimesTests.swift in Sources */,
				7B8651941DBFAFA8002A666A /* PlaceUtilitiesTests.swift in Sources */,
				7B29E7D81DA3EC360099AF38 /* ProxTests.swift in Sources */,
				7B2EF5871DDF4D7200695515 /* TimeIntervalTests.swift in Sources */,
				7B50957A1DB65342007C54F0 /* TravelTimesProvider.swift in Sources */,
				E60A42771DF29127008BE74D /* URLTests.swift in Sources */,
				E68BD90D1DCA9E8E007B51A3 /* DayOfWeekTests.swift in Sources */,
				E68BD90F1DCAAD6B007B51A3 /* OpenHoursTests.swift in Sources */,
				39C4EC9F1DDCA75500B53B77 /* RemoteConfigKeys.swift in Sources */,
				7B2EF58E1DE36E8600695515 /* EventTests.swift in Sources */,
			);
			runOnlyForDeploymentPostprocessing = 0;
		};
		7B29E7DA1DA3EC360099AF38 /* Sources */ = {
			isa = PBXSourcesBuildPhase;
			buildActionMask = 2147483647;
			files = (
				7B29E7E31DA3EC360099AF38 /* ProxUITests.swift in Sources */,
				39C4EC9E1DDCA75400B53B77 /* RemoteConfigKeys.swift in Sources */,
			);
			runOnlyForDeploymentPostprocessing = 0;
		};
/* End PBXSourcesBuildPhase section */

/* Begin PBXTargetDependency section */
		7B29E7D51DA3EC360099AF38 /* PBXTargetDependency */ = {
			isa = PBXTargetDependency;
			target = 7B29E7BE1DA3EC360099AF38 /* Prox */;
			targetProxy = 7B29E7D41DA3EC360099AF38 /* PBXContainerItemProxy */;
		};
		7B29E7E01DA3EC360099AF38 /* PBXTargetDependency */ = {
			isa = PBXTargetDependency;
			target = 7B29E7BE1DA3EC360099AF38 /* Prox */;
			targetProxy = 7B29E7DF1DA3EC360099AF38 /* PBXContainerItemProxy */;
		};
/* End PBXTargetDependency section */

/* Begin PBXVariantGroup section */
		7B29E7CB1DA3EC360099AF38 /* LaunchScreen.storyboard */ = {
			isa = PBXVariantGroup;
			children = (
				7B29E7CC1DA3EC360099AF38 /* Base */,
			);
			name = LaunchScreen.storyboard;
			sourceTree = "<group>";
		};
/* End PBXVariantGroup section */

/* Begin XCBuildConfiguration section */
		7B0ECE491DDB3AA900ABBD72 /* Enterprise Kona */ = {
			isa = XCBuildConfiguration;
			buildSettings = {
				ALWAYS_SEARCH_USER_PATHS = NO;
				CLANG_ANALYZER_NONNULL = YES;
				CLANG_CXX_LANGUAGE_STANDARD = "gnu++0x";
				CLANG_CXX_LIBRARY = "libc++";
				CLANG_ENABLE_MODULES = YES;
				CLANG_ENABLE_OBJC_ARC = YES;
				CLANG_WARN_BOOL_CONVERSION = YES;
				CLANG_WARN_CONSTANT_CONVERSION = YES;
				CLANG_WARN_DIRECT_OBJC_ISA_USAGE = YES_ERROR;
				CLANG_WARN_DOCUMENTATION_COMMENTS = YES;
				CLANG_WARN_EMPTY_BODY = YES;
				CLANG_WARN_ENUM_CONVERSION = YES;
				CLANG_WARN_INFINITE_RECURSION = YES;
				CLANG_WARN_INT_CONVERSION = YES;
				CLANG_WARN_OBJC_ROOT_CLASS = YES_ERROR;
				CLANG_WARN_SUSPICIOUS_MOVES = YES;
				CLANG_WARN_UNREACHABLE_CODE = YES;
				CLANG_WARN__DUPLICATE_METHOD_MATCH = YES;
				"CODE_SIGN_IDENTITY[sdk=iphoneos*]" = "iPhone Developer";
				COPY_PHASE_STRIP = NO;
				DEBUG_INFORMATION_FORMAT = "dwarf-with-dsym";
				ENABLE_NS_ASSERTIONS = NO;
				ENABLE_STRICT_OBJC_MSGSEND = YES;
				GCC_C_LANGUAGE_STANDARD = gnu99;
				GCC_NO_COMMON_BLOCKS = YES;
				GCC_WARN_64_TO_32_BIT_CONVERSION = YES;
				GCC_WARN_ABOUT_RETURN_TYPE = YES_ERROR;
				GCC_WARN_UNDECLARED_SELECTOR = YES;
				GCC_WARN_UNINITIALIZED_AUTOS = YES_AGGRESSIVE;
				GCC_WARN_UNUSED_FUNCTION = YES;
				GCC_WARN_UNUSED_VARIABLE = YES;
				IPHONEOS_DEPLOYMENT_TARGET = 9.0;
				MTL_ENABLE_DEBUG_INFO = NO;
				SDKROOT = iphoneos;
				SWIFT_OPTIMIZATION_LEVEL = "-Owholemodule";
				TARGETED_DEVICE_FAMILY = "1,2";
				VALIDATE_PRODUCT = YES;
			};
			name = "Enterprise Kona";
		};
		7B0ECE4A1DDB3AA900ABBD72 /* Enterprise Kona */ = {
			isa = XCBuildConfiguration;
			baseConfigurationReference = 1E318DF6890B9E7221222152 /* Pods-Prox.enterprise kona.xcconfig */;
			buildSettings = {
				ALWAYS_EMBED_SWIFT_STANDARD_LIBRARIES = "$(inherited)";
				ASSETCATALOG_COMPILER_APPICON_NAME = AppIcon;
				CODE_SIGN_IDENTITY = "iPhone Developer";
				DEVELOPMENT_TEAM = 9G8J6YA743;
				INFOPLIST_FILE = Prox/Info.plist;
				LD_RUNPATH_SEARCH_PATHS = "$(inherited) @executable_path/Frameworks";
				OTHER_SWIFT_FLAGS = "$(inherited) -D MOZ_CHANNEL_ENTERPRISE_KONA";
				PRODUCT_BUNDLE_IDENTIFIER = com.mozilla.Prox.Kona;
				PRODUCT_NAME = "$(TARGET_NAME) Kona";
				SWIFT_OBJC_BRIDGING_HEADER = "$(PROJECT_DIR)/Prox/Prox-Bridging-Header.h";
				SWIFT_OPTIMIZATION_LEVEL = "-Owholemodule";
				SWIFT_VERSION = 3.0;
			};
			name = "Enterprise Kona";
		};
		7B0ECE4B1DDB3AA900ABBD72 /* Enterprise Kona */ = {
			isa = XCBuildConfiguration;
			baseConfigurationReference = 0B7888AD8C6E7538A1FCCDD3 /* Pods-ProxTests.enterprise kona.xcconfig */;
			buildSettings = {
				ALWAYS_EMBED_SWIFT_STANDARD_LIBRARIES = "$(inherited)";
				BUNDLE_LOADER = "$(TEST_HOST)";
				DEVELOPMENT_TEAM = 9G8J6YA743;
				INFOPLIST_FILE = ProxTests/Info.plist;
				LD_RUNPATH_SEARCH_PATHS = "$(inherited) @executable_path/Frameworks @loader_path/Frameworks";
				PRODUCT_BUNDLE_IDENTIFIER = com.mozilla.ProxTests;
				PRODUCT_NAME = "$(TARGET_NAME)";
				SWIFT_VERSION = 3.0;
				TEST_HOST = "$(BUILT_PRODUCTS_DIR)/Prox.app/Prox";
			};
			name = "Enterprise Kona";
		};
		7B0ECE4C1DDB3AA900ABBD72 /* Enterprise Kona */ = {
			isa = XCBuildConfiguration;
			baseConfigurationReference = BD2188137E599F03500C7FBD /* Pods-ProxUITests.enterprise kona.xcconfig */;
			buildSettings = {
				ALWAYS_EMBED_SWIFT_STANDARD_LIBRARIES = "$(inherited)";
				DEVELOPMENT_TEAM = 9G8J6YA743;
				INFOPLIST_FILE = ProxUITests/Info.plist;
				LD_RUNPATH_SEARCH_PATHS = "$(inherited) @executable_path/Frameworks @loader_path/Frameworks $(FRAMEWORK_SEARCH_PATHS)";
				PRODUCT_BUNDLE_IDENTIFIER = com.mozilla.ProxUITests;
				PRODUCT_NAME = "$(TARGET_NAME)";
				SWIFT_VERSION = 3.0;
				TEST_TARGET_NAME = Prox;
			};
			name = "Enterprise Kona";
		};
		7B29E7E51DA3EC360099AF38 /* Debug */ = {
			isa = XCBuildConfiguration;
			buildSettings = {
				ALWAYS_SEARCH_USER_PATHS = NO;
				CLANG_ANALYZER_NONNULL = YES;
				CLANG_CXX_LANGUAGE_STANDARD = "gnu++0x";
				CLANG_CXX_LIBRARY = "libc++";
				CLANG_ENABLE_MODULES = YES;
				CLANG_ENABLE_OBJC_ARC = YES;
				CLANG_WARN_BOOL_CONVERSION = YES;
				CLANG_WARN_CONSTANT_CONVERSION = YES;
				CLANG_WARN_DIRECT_OBJC_ISA_USAGE = YES_ERROR;
				CLANG_WARN_DOCUMENTATION_COMMENTS = YES;
				CLANG_WARN_EMPTY_BODY = YES;
				CLANG_WARN_ENUM_CONVERSION = YES;
				CLANG_WARN_INFINITE_RECURSION = YES;
				CLANG_WARN_INT_CONVERSION = YES;
				CLANG_WARN_OBJC_ROOT_CLASS = YES_ERROR;
				CLANG_WARN_SUSPICIOUS_MOVES = YES;
				CLANG_WARN_UNREACHABLE_CODE = YES;
				CLANG_WARN__DUPLICATE_METHOD_MATCH = YES;
				"CODE_SIGN_IDENTITY[sdk=iphoneos*]" = "iPhone Developer";
				COPY_PHASE_STRIP = NO;
				DEBUG_INFORMATION_FORMAT = "dwarf-with-dsym";
				ENABLE_STRICT_OBJC_MSGSEND = YES;
				ENABLE_TESTABILITY = YES;
				GCC_C_LANGUAGE_STANDARD = gnu99;
				GCC_DYNAMIC_NO_PIC = NO;
				GCC_NO_COMMON_BLOCKS = YES;
				GCC_OPTIMIZATION_LEVEL = 0;
				GCC_PREPROCESSOR_DEFINITIONS = (
					"DEBUG=1",
					"$(inherited)",
				);
				GCC_WARN_64_TO_32_BIT_CONVERSION = YES;
				GCC_WARN_ABOUT_RETURN_TYPE = YES_ERROR;
				GCC_WARN_UNDECLARED_SELECTOR = YES;
				GCC_WARN_UNINITIALIZED_AUTOS = YES_AGGRESSIVE;
				GCC_WARN_UNUSED_FUNCTION = YES;
				GCC_WARN_UNUSED_VARIABLE = YES;
				IPHONEOS_DEPLOYMENT_TARGET = 9.0;
				MTL_ENABLE_DEBUG_INFO = YES;
				ONLY_ACTIVE_ARCH = YES;
				SDKROOT = iphoneos;
				SWIFT_ACTIVE_COMPILATION_CONDITIONS = DEBUG;
				SWIFT_OPTIMIZATION_LEVEL = "-Onone";
				TARGETED_DEVICE_FAMILY = "1,2";
			};
			name = Debug;
		};
		7B29E7E61DA3EC360099AF38 /* Release */ = {
			isa = XCBuildConfiguration;
			buildSettings = {
				ALWAYS_SEARCH_USER_PATHS = NO;
				CLANG_ANALYZER_NONNULL = YES;
				CLANG_CXX_LANGUAGE_STANDARD = "gnu++0x";
				CLANG_CXX_LIBRARY = "libc++";
				CLANG_ENABLE_MODULES = YES;
				CLANG_ENABLE_OBJC_ARC = YES;
				CLANG_WARN_BOOL_CONVERSION = YES;
				CLANG_WARN_CONSTANT_CONVERSION = YES;
				CLANG_WARN_DIRECT_OBJC_ISA_USAGE = YES_ERROR;
				CLANG_WARN_DOCUMENTATION_COMMENTS = YES;
				CLANG_WARN_EMPTY_BODY = YES;
				CLANG_WARN_ENUM_CONVERSION = YES;
				CLANG_WARN_INFINITE_RECURSION = YES;
				CLANG_WARN_INT_CONVERSION = YES;
				CLANG_WARN_OBJC_ROOT_CLASS = YES_ERROR;
				CLANG_WARN_SUSPICIOUS_MOVES = YES;
				CLANG_WARN_UNREACHABLE_CODE = YES;
				CLANG_WARN__DUPLICATE_METHOD_MATCH = YES;
				"CODE_SIGN_IDENTITY[sdk=iphoneos*]" = "iPhone Developer";
				COPY_PHASE_STRIP = NO;
				DEBUG_INFORMATION_FORMAT = "dwarf-with-dsym";
				ENABLE_NS_ASSERTIONS = NO;
				ENABLE_STRICT_OBJC_MSGSEND = YES;
				GCC_C_LANGUAGE_STANDARD = gnu99;
				GCC_NO_COMMON_BLOCKS = YES;
				GCC_WARN_64_TO_32_BIT_CONVERSION = YES;
				GCC_WARN_ABOUT_RETURN_TYPE = YES_ERROR;
				GCC_WARN_UNDECLARED_SELECTOR = YES;
				GCC_WARN_UNINITIALIZED_AUTOS = YES_AGGRESSIVE;
				GCC_WARN_UNUSED_FUNCTION = YES;
				GCC_WARN_UNUSED_VARIABLE = YES;
				IPHONEOS_DEPLOYMENT_TARGET = 9.0;
				MTL_ENABLE_DEBUG_INFO = NO;
				SDKROOT = iphoneos;
				SWIFT_OPTIMIZATION_LEVEL = "-Owholemodule";
				TARGETED_DEVICE_FAMILY = "1,2";
				VALIDATE_PRODUCT = YES;
			};
			name = Release;
		};
		7B29E7E81DA3EC360099AF38 /* Debug */ = {
			isa = XCBuildConfiguration;
			baseConfigurationReference = 75091F0A7DE7F3D6E008D07B /* Pods-Prox.debug.xcconfig */;
			buildSettings = {
				ALWAYS_EMBED_SWIFT_STANDARD_LIBRARIES = "$(inherited)";
				ASSETCATALOG_COMPILER_APPICON_NAME = AppIcon;
				CODE_SIGN_IDENTITY = "iPhone Developer";
				DEVELOPMENT_TEAM = 43AQ936H96;
				INFOPLIST_FILE = Prox/Info.plist;
				LD_RUNPATH_SEARCH_PATHS = "$(inherited) @executable_path/Frameworks";
				OTHER_SWIFT_FLAGS = "$(inherited) -D MOZ_CHANNEL_DEBUG";
				PRODUCT_BUNDLE_IDENTIFIER = com.mozilla.Prox;
				PRODUCT_NAME = "$(TARGET_NAME)";
				SWIFT_OBJC_BRIDGING_HEADER = "$(PROJECT_DIR)/Prox/Prox-Bridging-Header.h";
				SWIFT_VERSION = 3.0;
			};
			name = Debug;
		};
		7B29E7E91DA3EC360099AF38 /* Release */ = {
			isa = XCBuildConfiguration;
			baseConfigurationReference = 246E3C4ADD7C4DD2150C111B /* Pods-Prox.release.xcconfig */;
			buildSettings = {
				ALWAYS_EMBED_SWIFT_STANDARD_LIBRARIES = "$(inherited)";
				ASSETCATALOG_COMPILER_APPICON_NAME = AppIcon;
				CODE_SIGN_IDENTITY = "iPhone Distribution";
				DEVELOPMENT_TEAM = 43AQ936H96;
				INFOPLIST_FILE = Prox/Info.plist;
				LD_RUNPATH_SEARCH_PATHS = "$(inherited) @executable_path/Frameworks";
				OTHER_SWIFT_FLAGS = "$(inherited) -D MOZ_CHANNEL_RELEASE";
				PRODUCT_BUNDLE_IDENTIFIER = com.mozilla.Prox;
				PRODUCT_NAME = "$(TARGET_NAME)";
				SWIFT_OBJC_BRIDGING_HEADER = "$(PROJECT_DIR)/Prox/Prox-Bridging-Header.h";
				SWIFT_VERSION = 3.0;
			};
			name = Release;
		};
		7B29E7EB1DA3EC360099AF38 /* Debug */ = {
			isa = XCBuildConfiguration;
			baseConfigurationReference = 64E189E4D93A85A43CF269E2 /* Pods-ProxTests.debug.xcconfig */;
			buildSettings = {
				ALWAYS_EMBED_SWIFT_STANDARD_LIBRARIES = "$(inherited)";
				BUNDLE_LOADER = "$(TEST_HOST)";
				DEVELOPMENT_TEAM = 9G8J6YA743;
				INFOPLIST_FILE = ProxTests/Info.plist;
				LD_RUNPATH_SEARCH_PATHS = "$(inherited) @executable_path/Frameworks @loader_path/Frameworks";
				PRODUCT_BUNDLE_IDENTIFIER = com.mozilla.ProxTests;
				PRODUCT_NAME = "$(TARGET_NAME)";
				SWIFT_VERSION = 3.0;
				TEST_HOST = "$(BUILT_PRODUCTS_DIR)/Prox.app/Prox";
			};
			name = Debug;
		};
		7B29E7EC1DA3EC360099AF38 /* Release */ = {
			isa = XCBuildConfiguration;
			baseConfigurationReference = 0EA57261799D082127AF0A24 /* Pods-ProxTests.release.xcconfig */;
			buildSettings = {
				ALWAYS_EMBED_SWIFT_STANDARD_LIBRARIES = "$(inherited)";
				BUNDLE_LOADER = "$(TEST_HOST)";
				DEVELOPMENT_TEAM = 9G8J6YA743;
				INFOPLIST_FILE = ProxTests/Info.plist;
				LD_RUNPATH_SEARCH_PATHS = "$(inherited) @executable_path/Frameworks @loader_path/Frameworks";
				PRODUCT_BUNDLE_IDENTIFIER = com.mozilla.ProxTests;
				PRODUCT_NAME = "$(TARGET_NAME)";
				SWIFT_VERSION = 3.0;
				TEST_HOST = "$(BUILT_PRODUCTS_DIR)/Prox.app/Prox";
			};
			name = Release;
		};
		7B29E7EE1DA3EC360099AF38 /* Debug */ = {
			isa = XCBuildConfiguration;
			baseConfigurationReference = D4ACFAE1468306F6BC08DB51 /* Pods-ProxUITests.debug.xcconfig */;
			buildSettings = {
				ALWAYS_EMBED_SWIFT_STANDARD_LIBRARIES = "$(inherited)";
				DEVELOPMENT_TEAM = 9G8J6YA743;
				INFOPLIST_FILE = ProxUITests/Info.plist;
				LD_RUNPATH_SEARCH_PATHS = "$(inherited) @executable_path/Frameworks @loader_path/Frameworks $(FRAMEWORK_SEARCH_PATHS)";
				PRODUCT_BUNDLE_IDENTIFIER = com.mozilla.ProxUITests;
				PRODUCT_NAME = "$(TARGET_NAME)";
				SWIFT_VERSION = 3.0;
				TEST_TARGET_NAME = Prox;
			};
			name = Debug;
		};
		7B29E7EF1DA3EC360099AF38 /* Release */ = {
			isa = XCBuildConfiguration;
			baseConfigurationReference = 324CE3415A3E66A0F7F7CF54 /* Pods-ProxUITests.release.xcconfig */;
			buildSettings = {
				ALWAYS_EMBED_SWIFT_STANDARD_LIBRARIES = "$(inherited)";
				DEVELOPMENT_TEAM = 9G8J6YA743;
				INFOPLIST_FILE = ProxUITests/Info.plist;
				LD_RUNPATH_SEARCH_PATHS = "$(inherited) @executable_path/Frameworks @loader_path/Frameworks $(FRAMEWORK_SEARCH_PATHS)";
				PRODUCT_BUNDLE_IDENTIFIER = com.mozilla.ProxUITests;
				PRODUCT_NAME = "$(TARGET_NAME)";
				SWIFT_VERSION = 3.0;
				TEST_TARGET_NAME = Prox;
			};
			name = Release;
		};
		7B4678A81DB5013800AC5B5D /* Enterprise */ = {
			isa = XCBuildConfiguration;
			buildSettings = {
				ALWAYS_SEARCH_USER_PATHS = NO;
				CLANG_ANALYZER_NONNULL = YES;
				CLANG_CXX_LANGUAGE_STANDARD = "gnu++0x";
				CLANG_CXX_LIBRARY = "libc++";
				CLANG_ENABLE_MODULES = YES;
				CLANG_ENABLE_OBJC_ARC = YES;
				CLANG_WARN_BOOL_CONVERSION = YES;
				CLANG_WARN_CONSTANT_CONVERSION = YES;
				CLANG_WARN_DIRECT_OBJC_ISA_USAGE = YES_ERROR;
				CLANG_WARN_DOCUMENTATION_COMMENTS = YES;
				CLANG_WARN_EMPTY_BODY = YES;
				CLANG_WARN_ENUM_CONVERSION = YES;
				CLANG_WARN_INFINITE_RECURSION = YES;
				CLANG_WARN_INT_CONVERSION = YES;
				CLANG_WARN_OBJC_ROOT_CLASS = YES_ERROR;
				CLANG_WARN_SUSPICIOUS_MOVES = YES;
				CLANG_WARN_UNREACHABLE_CODE = YES;
				CLANG_WARN__DUPLICATE_METHOD_MATCH = YES;
				"CODE_SIGN_IDENTITY[sdk=iphoneos*]" = "iPhone Developer";
				COPY_PHASE_STRIP = NO;
				DEBUG_INFORMATION_FORMAT = "dwarf-with-dsym";
				ENABLE_NS_ASSERTIONS = NO;
				ENABLE_STRICT_OBJC_MSGSEND = YES;
				GCC_C_LANGUAGE_STANDARD = gnu99;
				GCC_NO_COMMON_BLOCKS = YES;
				GCC_WARN_64_TO_32_BIT_CONVERSION = YES;
				GCC_WARN_ABOUT_RETURN_TYPE = YES_ERROR;
				GCC_WARN_UNDECLARED_SELECTOR = YES;
				GCC_WARN_UNINITIALIZED_AUTOS = YES_AGGRESSIVE;
				GCC_WARN_UNUSED_FUNCTION = YES;
				GCC_WARN_UNUSED_VARIABLE = YES;
				IPHONEOS_DEPLOYMENT_TARGET = 9.0;
				MTL_ENABLE_DEBUG_INFO = NO;
				SDKROOT = iphoneos;
				SWIFT_OPTIMIZATION_LEVEL = "-Owholemodule";
				TARGETED_DEVICE_FAMILY = "1,2";
				VALIDATE_PRODUCT = YES;
			};
			name = Enterprise;
		};
		7B4678A91DB5013800AC5B5D /* Enterprise */ = {
			isa = XCBuildConfiguration;
			baseConfigurationReference = 55740F6C4426324FDA569848 /* Pods-Prox.enterprise.xcconfig */;
			buildSettings = {
				ALWAYS_EMBED_SWIFT_STANDARD_LIBRARIES = "$(inherited)";
				ASSETCATALOG_COMPILER_APPICON_NAME = AppIcon;
				CODE_SIGN_IDENTITY = "iPhone Developer";
				DEVELOPMENT_TEAM = 9G8J6YA743;
				INFOPLIST_FILE = Prox/Info.plist;
				LD_RUNPATH_SEARCH_PATHS = "$(inherited) @executable_path/Frameworks";
				OTHER_SWIFT_FLAGS = "$(inherited) -D MOZ_CHANNEL_ENTERPRISE";
				PRODUCT_BUNDLE_IDENTIFIER = com.mozilla.Prox;
				PRODUCT_NAME = "$(TARGET_NAME)";
				SWIFT_OBJC_BRIDGING_HEADER = "$(PROJECT_DIR)/Prox/Prox-Bridging-Header.h";
				SWIFT_VERSION = 3.0;
			};
			name = Enterprise;
		};
		7B4678AA1DB5013800AC5B5D /* Enterprise */ = {
			isa = XCBuildConfiguration;
			baseConfigurationReference = A62868128BA3BDA4EF8E22F1 /* Pods-ProxTests.enterprise.xcconfig */;
			buildSettings = {
				ALWAYS_EMBED_SWIFT_STANDARD_LIBRARIES = "$(inherited)";
				BUNDLE_LOADER = "$(TEST_HOST)";
				DEVELOPMENT_TEAM = 9G8J6YA743;
				INFOPLIST_FILE = ProxTests/Info.plist;
				LD_RUNPATH_SEARCH_PATHS = "$(inherited) @executable_path/Frameworks @loader_path/Frameworks";
				PRODUCT_BUNDLE_IDENTIFIER = com.mozilla.ProxTests;
				PRODUCT_NAME = "$(TARGET_NAME)";
				SWIFT_VERSION = 3.0;
				TEST_HOST = "$(BUILT_PRODUCTS_DIR)/Prox.app/Prox";
			};
			name = Enterprise;
		};
		7B4678AB1DB5013800AC5B5D /* Enterprise */ = {
			isa = XCBuildConfiguration;
			baseConfigurationReference = 18F1C6CC1D18EC45A9072FF1 /* Pods-ProxUITests.enterprise.xcconfig */;
			buildSettings = {
				ALWAYS_EMBED_SWIFT_STANDARD_LIBRARIES = "$(inherited)";
				DEVELOPMENT_TEAM = 9G8J6YA743;
				INFOPLIST_FILE = ProxUITests/Info.plist;
				LD_RUNPATH_SEARCH_PATHS = "$(inherited) @executable_path/Frameworks @loader_path/Frameworks $(FRAMEWORK_SEARCH_PATHS)";
				PRODUCT_BUNDLE_IDENTIFIER = com.mozilla.ProxUITests;
				PRODUCT_NAME = "$(TARGET_NAME)";
				SWIFT_VERSION = 3.0;
				TEST_TARGET_NAME = Prox;
			};
			name = Enterprise;
		};
/* End XCBuildConfiguration section */

/* Begin XCConfigurationList section */
		7B29E7BA1DA3EC360099AF38 /* Build configuration list for PBXProject "Prox" */ = {
			isa = XCConfigurationList;
			buildConfigurations = (
				7B29E7E51DA3EC360099AF38 /* Debug */,
				7B29E7E61DA3EC360099AF38 /* Release */,
				7B4678A81DB5013800AC5B5D /* Enterprise */,
				7B0ECE491DDB3AA900ABBD72 /* Enterprise Kona */,
			);
			defaultConfigurationIsVisible = 0;
			defaultConfigurationName = Release;
		};
		7B29E7E71DA3EC360099AF38 /* Build configuration list for PBXNativeTarget "Prox" */ = {
			isa = XCConfigurationList;
			buildConfigurations = (
				7B29E7E81DA3EC360099AF38 /* Debug */,
				7B29E7E91DA3EC360099AF38 /* Release */,
				7B4678A91DB5013800AC5B5D /* Enterprise */,
				7B0ECE4A1DDB3AA900ABBD72 /* Enterprise Kona */,
			);
			defaultConfigurationIsVisible = 0;
			defaultConfigurationName = Release;
		};
		7B29E7EA1DA3EC360099AF38 /* Build configuration list for PBXNativeTarget "ProxTests" */ = {
			isa = XCConfigurationList;
			buildConfigurations = (
				7B29E7EB1DA3EC360099AF38 /* Debug */,
				7B29E7EC1DA3EC360099AF38 /* Release */,
				7B4678AA1DB5013800AC5B5D /* Enterprise */,
				7B0ECE4B1DDB3AA900ABBD72 /* Enterprise Kona */,
			);
			defaultConfigurationIsVisible = 0;
			defaultConfigurationName = Release;
		};
		7B29E7ED1DA3EC360099AF38 /* Build configuration list for PBXNativeTarget "ProxUITests" */ = {
			isa = XCConfigurationList;
			buildConfigurations = (
				7B29E7EE1DA3EC360099AF38 /* Debug */,
				7B29E7EF1DA3EC360099AF38 /* Release */,
				7B4678AB1DB5013800AC5B5D /* Enterprise */,
				7B0ECE4C1DDB3AA900ABBD72 /* Enterprise Kona */,
			);
			defaultConfigurationIsVisible = 0;
			defaultConfigurationName = Release;
		};
/* End XCConfigurationList section */
	};
	rootObject = 7B29E7B71DA3EC360099AF38 /* Project object */;
}
