// !$*UTF8*$!
{
	archiveVersion = 1;
	classes = {
	};
	objectVersion = 46;
	objects = {

/* Begin PBXBuildFile section */
		7B29E7C31DA3EC360099AF38 /* AppDelegate.swift in Sources */ = {isa = PBXBuildFile; fileRef = 7B29E7C21DA3EC360099AF38 /* AppDelegate.swift */; };
		7B29E7C51DA3EC360099AF38 /* PlaceCarouselViewController.swift in Sources */ = {isa = PBXBuildFile; fileRef = 7B29E7C41DA3EC360099AF38 /* PlaceCarouselViewController.swift */; };
		7B29E7CA1DA3EC360099AF38 /* Assets.xcassets in Resources */ = {isa = PBXBuildFile; fileRef = 7B29E7C91DA3EC360099AF38 /* Assets.xcassets */; };
		7B29E7CD1DA3EC360099AF38 /* LaunchScreen.storyboard in Resources */ = {isa = PBXBuildFile; fileRef = 7B29E7CB1DA3EC360099AF38 /* LaunchScreen.storyboard */; };
		7B29E7D81DA3EC360099AF38 /* ProxTests.swift in Sources */ = {isa = PBXBuildFile; fileRef = 7B29E7D71DA3EC360099AF38 /* ProxTests.swift */; };
		7B29E7E31DA3EC360099AF38 /* ProxUITests.swift in Sources */ = {isa = PBXBuildFile; fileRef = 7B29E7E21DA3EC360099AF38 /* ProxUITests.swift */; };
		7B561BB31DABD5C90096D8BC /* PlaceCarouselHeaderView.swift in Sources */ = {isa = PBXBuildFile; fileRef = 7B561BB21DABD5C90096D8BC /* PlaceCarouselHeaderView.swift */; };
		7B561BB51DABD8D60096D8BC /* hilton_location.gpx in Resources */ = {isa = PBXBuildFile; fileRef = 7B561BB41DABD8D60096D8BC /* hilton_location.gpx */; };
/* End PBXBuildFile section */

/* Begin PBXContainerItemProxy section */
		7B29E7D41DA3EC360099AF38 /* PBXContainerItemProxy */ = {
			isa = PBXContainerItemProxy;
			containerPortal = 7B29E7B71DA3EC360099AF38 /* Project object */;
			proxyType = 1;
			remoteGlobalIDString = 7B29E7BE1DA3EC360099AF38;
			remoteInfo = Prox;
		};
		7B29E7DF1DA3EC360099AF38 /* PBXContainerItemProxy */ = {
			isa = PBXContainerItemProxy;
			containerPortal = 7B29E7B71DA3EC360099AF38 /* Project object */;
			proxyType = 1;
			remoteGlobalIDString = 7B29E7BE1DA3EC360099AF38;
			remoteInfo = Prox;
		};
/* End PBXContainerItemProxy section */

/* Begin PBXFileReference section */
		7B29E7BF1DA3EC360099AF38 /* Prox.app */ = {isa = PBXFileReference; explicitFileType = wrapper.application; includeInIndex = 0; path = Prox.app; sourceTree = BUILT_PRODUCTS_DIR; };
		7B29E7C21DA3EC360099AF38 /* AppDelegate.swift */ = {isa = PBXFileReference; lastKnownFileType = sourcecode.swift; path = AppDelegate.swift; sourceTree = "<group>"; };
		7B29E7C41DA3EC360099AF38 /* PlaceCarouselViewController.swift */ = {isa = PBXFileReference; lastKnownFileType = sourcecode.swift; path = PlaceCarouselViewController.swift; sourceTree = "<group>"; };
		7B29E7C91DA3EC360099AF38 /* Assets.xcassets */ = {isa = PBXFileReference; lastKnownFileType = folder.assetcatalog; path = Assets.xcassets; sourceTree = "<group>"; };
		7B29E7CC1DA3EC360099AF38 /* Base */ = {isa = PBXFileReference; lastKnownFileType = file.storyboard; name = Base; path = Base.lproj/LaunchScreen.storyboard; sourceTree = "<group>"; };
		7B29E7CE1DA3EC360099AF38 /* Info.plist */ = {isa = PBXFileReference; lastKnownFileType = text.plist.xml; path = Info.plist; sourceTree = "<group>"; };
		7B29E7D31DA3EC360099AF38 /* ProxTests.xctest */ = {isa = PBXFileReference; explicitFileType = wrapper.cfbundle; includeInIndex = 0; path = ProxTests.xctest; sourceTree = BUILT_PRODUCTS_DIR; };
		7B29E7D71DA3EC360099AF38 /* ProxTests.swift */ = {isa = PBXFileReference; lastKnownFileType = sourcecode.swift; path = ProxTests.swift; sourceTree = "<group>"; };
		7B29E7D91DA3EC360099AF38 /* Info.plist */ = {isa = PBXFileReference; lastKnownFileType = text.plist.xml; path = Info.plist; sourceTree = "<group>"; };
		7B29E7DE1DA3EC360099AF38 /* ProxUITests.xctest */ = {isa = PBXFileReference; explicitFileType = wrapper.cfbundle; includeInIndex = 0; path = ProxUITests.xctest; sourceTree = BUILT_PRODUCTS_DIR; };
		7B29E7E21DA3EC360099AF38 /* ProxUITests.swift */ = {isa = PBXFileReference; lastKnownFileType = sourcecode.swift; path = ProxUITests.swift; sourceTree = "<group>"; };
		7B29E7E41DA3EC360099AF38 /* Info.plist */ = {isa = PBXFileReference; lastKnownFileType = text.plist.xml; path = Info.plist; sourceTree = "<group>"; };
		7B561BB21DABD5C90096D8BC /* PlaceCarouselHeaderView.swift */ = {isa = PBXFileReference; fileEncoding = 4; lastKnownFileType = sourcecode.swift; name = PlaceCarouselHeaderView.swift; path = PlaceCarousel/PlaceCarouselHeaderView.swift; sourceTree = "<group>"; };
/* End PBXFileReference section */

/* Begin PBXFrameworksBuildPhase section */
		7B29E7BC1DA3EC360099AF38 /* Frameworks */ = {
			isa = PBXFrameworksBuildPhase;
			buildActionMask = 2147483647;
			files = (
			);
			runOnlyForDeploymentPostprocessing = 0;
		};
		7B29E7D01DA3EC360099AF38 /* Frameworks */ = {
			isa = PBXFrameworksBuildPhase;
			buildActionMask = 2147483647;
			files = (
			);
			runOnlyForDeploymentPostprocessing = 0;
		};
		7B29E7DB1DA3EC360099AF38 /* Frameworks */ = {
			isa = PBXFrameworksBuildPhase;
			buildActionMask = 2147483647;
			files = (
			);
			runOnlyForDeploymentPostprocessing = 0;
		};
/* End PBXFrameworksBuildPhase section */

/* Begin PBXGroup section */
		7B29E7B61DA3EC360099AF38 = {
			isa = PBXGroup;
			children = (
				7B29E7C11DA3EC360099AF38 /* Prox */,
				7B29E7D61DA3EC360099AF38 /* ProxTests */,
				7B29E7E11DA3EC360099AF38 /* ProxUITests */,
				7B29E7C01DA3EC360099AF38 /* Products */,
			);
			sourceTree = "<group>";
		};
		7B29E7C01DA3EC360099AF38 /* Products */ = {
			isa = PBXGroup;
			children = (
				7B29E7BF1DA3EC360099AF38 /* Prox.app */,
				7B29E7D31DA3EC360099AF38 /* ProxTests.xctest */,
				7B29E7DE1DA3EC360099AF38 /* ProxUITests.xctest */,
			);
			name = Products;
			sourceTree = "<group>";
		};
		7B29E7C11DA3EC360099AF38 /* Prox */ = {
			isa = PBXGroup;
			children = (
				7B29E7C21DA3EC360099AF38 /* AppDelegate.swift */,
				7B561BB11DABD5730096D8BC /* Place Carousel */,
				7B29E7C91DA3EC360099AF38 /* Assets.xcassets */,
				7B29E7CB1DA3EC360099AF38 /* LaunchScreen.storyboard */,
				7B29E7CE1DA3EC360099AF38 /* Info.plist */,
			);
			path = Prox;
			sourceTree = "<group>";
		};
		7B29E7D61DA3EC360099AF38 /* ProxTests */ = {
			isa = PBXGroup;
			children = (
				7B29E7D71DA3EC360099AF38 /* ProxTests.swift */,
				7B29E7D91DA3EC360099AF38 /* Info.plist */,
			);
			path = ProxTests;
			sourceTree = "<group>";
		};
		7B29E7E11DA3EC360099AF38 /* ProxUITests */ = {
			isa = PBXGroup;
			children = (
				7B29E7E21DA3EC360099AF38 /* ProxUITests.swift */,
				7B29E7E41DA3EC360099AF38 /* Info.plist */,
			);
			path = ProxUITests;
			sourceTree = "<group>";
		};
		7B561BB11DABD5730096D8BC /* Place Carousel */ = {
			isa = PBXGroup;
			children = (
				7B29E7C41DA3EC360099AF38 /* PlaceCarouselViewController.swift */,
				7B561BB21DABD5C90096D8BC /* PlaceCarouselHeaderView.swift */,
			);
			name = "Place Carousel";
			sourceTree = "<group>";
		};
/* End PBXGroup section */

/* Begin PBXNativeTarget section */
		7B29E7BE1DA3EC360099AF38 /* Prox */ = {
			isa = PBXNativeTarget;
			buildConfigurationList = 7B29E7E71DA3EC360099AF38 /* Build configuration list for PBXNativeTarget "Prox" */;
			buildPhases = (
				7B29E7BB1DA3EC360099AF38 /* Sources */,
				7B29E7BC1DA3EC360099AF38 /* Frameworks */,
				7B29E7BD1DA3EC360099AF38 /* Resources */,
			);
			buildRules = (
			);
			dependencies = (
			);
			name = Prox;
			productName = Prox;
			productReference = 7B29E7BF1DA3EC360099AF38 /* Prox.app */;
			productType = "com.apple.product-type.application";
		};
		7B29E7D21DA3EC360099AF38 /* ProxTests */ = {
			isa = PBXNativeTarget;
			buildConfigurationList = 7B29E7EA1DA3EC360099AF38 /* Build configuration list for PBXNativeTarget "ProxTests" */;
			buildPhases = (
				7B29E7CF1DA3EC360099AF38 /* Sources */,
				7B29E7D01DA3EC360099AF38 /* Frameworks */,
				7B29E7D11DA3EC360099AF38 /* Resources */,
			);
			buildRules = (
			);
			dependencies = (
				7B29E7D51DA3EC360099AF38 /* PBXTargetDependency */,
			);
			name = ProxTests;
			productName = ProxTests;
			productReference = 7B29E7D31DA3EC360099AF38 /* ProxTests.xctest */;
			productType = "com.apple.product-type.bundle.unit-test";
		};
		7B29E7DD1DA3EC360099AF38 /* ProxUITests */ = {
			isa = PBXNativeTarget;
			buildConfigurationList = 7B29E7ED1DA3EC360099AF38 /* Build configuration list for PBXNativeTarget "ProxUITests" */;
			buildPhases = (
				7B29E7DA1DA3EC360099AF38 /* Sources */,
				7B29E7DB1DA3EC360099AF38 /* Frameworks */,
				7B29E7DC1DA3EC360099AF38 /* Resources */,
			);
			buildRules = (
			);
			dependencies = (
				7B29E7E01DA3EC360099AF38 /* PBXTargetDependency */,
			);
			name = ProxUITests;
			productName = ProxUITests;
			productReference = 7B29E7DE1DA3EC360099AF38 /* ProxUITests.xctest */;
			productType = "com.apple.product-type.bundle.ui-testing";
		};
/* End PBXNativeTarget section */

/* Begin PBXProject section */
		7B29E7B71DA3EC360099AF38 /* Project object */ = {
			isa = PBXProject;
			attributes = {
				LastSwiftUpdateCheck = 0800;
				LastUpgradeCheck = 0800;
				ORGANIZATIONNAME = Mozilla;
				TargetAttributes = {
					7B29E7BE1DA3EC360099AF38 = {
						CreatedOnToolsVersion = 8.0;
						DevelopmentTeam = 9G8J6YA743;
						ProvisioningStyle = Automatic;
					};
					7B29E7D21DA3EC360099AF38 = {
						CreatedOnToolsVersion = 8.0;
						DevelopmentTeam = 9G8J6YA743;
						ProvisioningStyle = Automatic;
						TestTargetID = 7B29E7BE1DA3EC360099AF38;
					};
					7B29E7DD1DA3EC360099AF38 = {
						CreatedOnToolsVersion = 8.0;
						DevelopmentTeam = 9G8J6YA743;
						ProvisioningStyle = Automatic;
						TestTargetID = 7B29E7BE1DA3EC360099AF38;
					};
				};
			};
			buildConfigurationList = 7B29E7BA1DA3EC360099AF38 /* Build configuration list for PBXProject "Prox" */;
			compatibilityVersion = "Xcode 3.2";
			developmentRegion = English;
			hasScannedForEncodings = 0;
			knownRegions = (
				en,
				Base,
			);
			mainGroup = 7B29E7B61DA3EC360099AF38;
			productRefGroup = 7B29E7C01DA3EC360099AF38 /* Products */;
			projectDirPath = "";
			projectRoot = "";
			targets = (
				7B29E7BE1DA3EC360099AF38 /* Prox */,
				7B29E7D21DA3EC360099AF38 /* ProxTests */,
				7B29E7DD1DA3EC360099AF38 /* ProxUITests */,
			);
		};
/* End PBXProject section */

/* Begin PBXResourcesBuildPhase section */
		7B29E7BD1DA3EC360099AF38 /* Resources */ = {
			isa = PBXResourcesBuildPhase;
			buildActionMask = 2147483647;
			files = (
				7B29E7CD1DA3EC360099AF38 /* LaunchScreen.storyboard in Resources */,
				7B29E7CA1DA3EC360099AF38 /* Assets.xcassets in Resources */,
			);
			runOnlyForDeploymentPostprocessing = 0;
		};
		7B29E7D11DA3EC360099AF38 /* Resources */ = {
			isa = PBXResourcesBuildPhase;
			buildActionMask = 2147483647;
			files = (
			);
			runOnlyForDeploymentPostprocessing = 0;
		};
		7B29E7DC1DA3EC360099AF38 /* Resources */ = {
			isa = PBXResourcesBuildPhase;
			buildActionMask = 2147483647;
			files = (
			);
			runOnlyForDeploymentPostprocessing = 0;
		};
/* End PBXResourcesBuildPhase section */

/* Begin PBXSourcesBuildPhase section */
		7B29E7BB1DA3EC360099AF38 /* Sources */ = {
			isa = PBXSourcesBuildPhase;
			buildActionMask = 2147483647;
			files = (
				7B561BB31DABD5C90096D8BC /* PlaceCarouselHeaderView.swift in Sources */,
				7B29E7C51DA3EC360099AF38 /* PlaceCarouselViewController.swift in Sources */,
				7B29E7C31DA3EC360099AF38 /* AppDelegate.swift in Sources */,
			);
			runOnlyForDeploymentPostprocessing = 0;
		};
		7B29E7CF1DA3EC360099AF38 /* Sources */ = {
			isa = PBXSourcesBuildPhase;
			buildActionMask = 2147483647;
			files = (
				7B29E7D81DA3EC360099AF38 /* ProxTests.swift in Sources */,
			);
			runOnlyForDeploymentPostprocessing = 0;
		};
		7B29E7DA1DA3EC360099AF38 /* Sources */ = {
			isa = PBXSourcesBuildPhase;
			buildActionMask = 2147483647;
			files = (
				7B29E7E31DA3EC360099AF38 /* ProxUITests.swift in Sources */,
			);
			runOnlyForDeploymentPostprocessing = 0;
		};
/* End PBXSourcesBuildPhase section */

/* Begin PBXTargetDependency section */
		7B29E7D51DA3EC360099AF38 /* PBXTargetDependency */ = {
			isa = PBXTargetDependency;
			target = 7B29E7BE1DA3EC360099AF38 /* Prox */;
			targetProxy = 7B29E7D41DA3EC360099AF38 /* PBXContainerItemProxy */;
		};
		7B29E7E01DA3EC360099AF38 /* PBXTargetDependency */ = {
			isa = PBXTargetDependency;
			target = 7B29E7BE1DA3EC360099AF38 /* Prox */;
			targetProxy = 7B29E7DF1DA3EC360099AF38 /* PBXContainerItemProxy */;
		};
/* End PBXTargetDependency section */

/* Begin PBXVariantGroup section */
		7B29E7CB1DA3EC360099AF38 /* LaunchScreen.storyboard */ = {
			isa = PBXVariantGroup;
			children = (
				7B29E7CC1DA3EC360099AF38 /* Base */,
			);
			name = LaunchScreen.storyboard;
			sourceTree = "<group>";
		};
/* End PBXVariantGroup section */

/* Begin XCBuildConfiguration section */
		7B29E7E51DA3EC360099AF38 /* Debug */ = {
			isa = XCBuildConfiguration;
			buildSettings = {
				ALWAYS_SEARCH_USER_PATHS = NO;
				CLANG_ANALYZER_NONNULL = YES;
				CLANG_CXX_LANGUAGE_STANDARD = "gnu++0x";
				CLANG_CXX_LIBRARY = "libc++";
				CLANG_ENABLE_MODULES = YES;
				CLANG_ENABLE_OBJC_ARC = YES;
				CLANG_WARN_BOOL_CONVERSION = YES;
				CLANG_WARN_CONSTANT_CONVERSION = YES;
				CLANG_WARN_DIRECT_OBJC_ISA_USAGE = YES_ERROR;
				CLANG_WARN_DOCUMENTATION_COMMENTS = YES;
				CLANG_WARN_EMPTY_BODY = YES;
				CLANG_WARN_ENUM_CONVERSION = YES;
				CLANG_WARN_INFINITE_RECURSION = YES;
				CLANG_WARN_INT_CONVERSION = YES;
				CLANG_WARN_OBJC_ROOT_CLASS = YES_ERROR;
				CLANG_WARN_SUSPICIOUS_MOVES = YES;
				CLANG_WARN_UNREACHABLE_CODE = YES;
				CLANG_WARN__DUPLICATE_METHOD_MATCH = YES;
				"CODE_SIGN_IDENTITY[sdk=iphoneos*]" = "iPhone Developer";
				COPY_PHASE_STRIP = NO;
				DEBUG_INFORMATION_FORMAT = dwarf;
				ENABLE_STRICT_OBJC_MSGSEND = YES;
				ENABLE_TESTABILITY = YES;
				GCC_C_LANGUAGE_STANDARD = gnu99;
				GCC_DYNAMIC_NO_PIC = NO;
				GCC_NO_COMMON_BLOCKS = YES;
				GCC_OPTIMIZATION_LEVEL = 0;
				GCC_PREPROCESSOR_DEFINITIONS = (
					"DEBUG=1",
					"$(inherited)",
				);
				GCC_WARN_64_TO_32_BIT_CONVERSION = YES;
				GCC_WARN_ABOUT_RETURN_TYPE = YES_ERROR;
				GCC_WARN_UNDECLARED_SELECTOR = YES;
				GCC_WARN_UNINITIALIZED_AUTOS = YES_AGGRESSIVE;
				GCC_WARN_UNUSED_FUNCTION = YES;
				GCC_WARN_UNUSED_VARIABLE = YES;
				IPHONEOS_DEPLOYMENT_TARGET = 9.0;
				MTL_ENABLE_DEBUG_INFO = YES;
				ONLY_ACTIVE_ARCH = YES;
				SDKROOT = iphoneos;
				SWIFT_ACTIVE_COMPILATION_CONDITIONS = DEBUG;
				SWIFT_OPTIMIZATION_LEVEL = "-Onone";
				TARGETED_DEVICE_FAMILY = "1,2";
			};
			name = Debug;
		};
		7B29E7E61DA3EC360099AF38 /* Release */ = {
			isa = XCBuildConfiguration;
			buildSettings = {
				ALWAYS_SEARCH_USER_PATHS = NO;
				CLANG_ANALYZER_NONNULL = YES;
				CLANG_CXX_LANGUAGE_STANDARD = "gnu++0x";
				CLANG_CXX_LIBRARY = "libc++";
				CLANG_ENABLE_MODULES = YES;
				CLANG_ENABLE_OBJC_ARC = YES;
				CLANG_WARN_BOOL_CONVERSION = YES;
				CLANG_WARN_CONSTANT_CONVERSION = YES;
				CLANG_WARN_DIRECT_OBJC_ISA_USAGE = YES_ERROR;
				CLANG_WARN_DOCUMENTATION_COMMENTS = YES;
				CLANG_WARN_EMPTY_BODY = YES;
				CLANG_WARN_ENUM_CONVERSION = YES;
				CLANG_WARN_INFINITE_RECURSION = YES;
				CLANG_WARN_INT_CONVERSION = YES;
				CLANG_WARN_OBJC_ROOT_CLASS = YES_ERROR;
				CLANG_WARN_SUSPICIOUS_MOVES = YES;
				CLANG_WARN_UNREACHABLE_CODE = YES;
				CLANG_WARN__DUPLICATE_METHOD_MATCH = YES;
				"CODE_SIGN_IDENTITY[sdk=iphoneos*]" = "iPhone Developer";
				COPY_PHASE_STRIP = NO;
				DEBUG_INFORMATION_FORMAT = "dwarf-with-dsym";
				ENABLE_NS_ASSERTIONS = NO;
				ENABLE_STRICT_OBJC_MSGSEND = YES;
				GCC_C_LANGUAGE_STANDARD = gnu99;
				GCC_NO_COMMON_BLOCKS = YES;
				GCC_WARN_64_TO_32_BIT_CONVERSION = YES;
				GCC_WARN_ABOUT_RETURN_TYPE = YES_ERROR;
				GCC_WARN_UNDECLARED_SELECTOR = YES;
				GCC_WARN_UNINITIALIZED_AUTOS = YES_AGGRESSIVE;
				GCC_WARN_UNUSED_FUNCTION = YES;
				GCC_WARN_UNUSED_VARIABLE = YES;
				IPHONEOS_DEPLOYMENT_TARGET = 9.0;
				MTL_ENABLE_DEBUG_INFO = NO;
				SDKROOT = iphoneos;
				SWIFT_OPTIMIZATION_LEVEL = "-Owholemodule";
				TARGETED_DEVICE_FAMILY = "1,2";
				VALIDATE_PRODUCT = YES;
			};
			name = Release;
		};
		7B29E7E81DA3EC360099AF38 /* Debug */ = {
			isa = XCBuildConfiguration;
			buildSettings = {
				ASSETCATALOG_COMPILER_APPICON_NAME = AppIcon;
				DEVELOPMENT_TEAM = 9G8J6YA743;
				INFOPLIST_FILE = Prox/Info.plist;
				LD_RUNPATH_SEARCH_PATHS = "$(inherited) @executable_path/Frameworks";
				PRODUCT_BUNDLE_IDENTIFIER = com.mozilla.Prox;
				PRODUCT_NAME = "$(TARGET_NAME)";
				SWIFT_VERSION = 3.0;
			};
			name = Debug;
		};
		7B29E7E91DA3EC360099AF38 /* Release */ = {
			isa = XCBuildConfiguration;
			buildSettings = {
				ASSETCATALOG_COMPILER_APPICON_NAME = AppIcon;
				DEVELOPMENT_TEAM = 9G8J6YA743;
				INFOPLIST_FILE = Prox/Info.plist;
				LD_RUNPATH_SEARCH_PATHS = "$(inherited) @executable_path/Frameworks";
				PRODUCT_BUNDLE_IDENTIFIER = com.mozilla.Prox;
				PRODUCT_NAME = "$(TARGET_NAME)";
				SWIFT_VERSION = 3.0;
			};
			name = Release;
		};
		7B29E7EB1DA3EC360099AF38 /* Debug */ = {
			isa = XCBuildConfiguration;
			buildSettings = {
				ALWAYS_EMBED_SWIFT_STANDARD_LIBRARIES = YES;
				BUNDLE_LOADER = "$(TEST_HOST)";
				DEVELOPMENT_TEAM = 9G8J6YA743;
				INFOPLIST_FILE = ProxTests/Info.plist;
				LD_RUNPATH_SEARCH_PATHS = "$(inherited) @executable_path/Frameworks @loader_path/Frameworks";
				PRODUCT_BUNDLE_IDENTIFIER = com.mozilla.ProxTests;
				PRODUCT_NAME = "$(TARGET_NAME)";
				SWIFT_VERSION = 3.0;
				TEST_HOST = "$(BUILT_PRODUCTS_DIR)/Prox.app/Prox";
			};
			name = Debug;
		};
		7B29E7EC1DA3EC360099AF38 /* Release */ = {
			isa = XCBuildConfiguration;
			buildSettings = {
				ALWAYS_EMBED_SWIFT_STANDARD_LIBRARIES = YES;
				BUNDLE_LOADER = "$(TEST_HOST)";
				DEVELOPMENT_TEAM = 9G8J6YA743;
				INFOPLIST_FILE = ProxTests/Info.plist;
				LD_RUNPATH_SEARCH_PATHS = "$(inherited) @executable_path/Frameworks @loader_path/Frameworks";
				PRODUCT_BUNDLE_IDENTIFIER = com.mozilla.ProxTests;
				PRODUCT_NAME = "$(TARGET_NAME)";
				SWIFT_VERSION = 3.0;
				TEST_HOST = "$(BUILT_PRODUCTS_DIR)/Prox.app/Prox";
			};
			name = Release;
		};
		7B29E7EE1DA3EC360099AF38 /* Debug */ = {
			isa = XCBuildConfiguration;
			buildSettings = {
				ALWAYS_EMBED_SWIFT_STANDARD_LIBRARIES = YES;
				DEVELOPMENT_TEAM = 9G8J6YA743;
				INFOPLIST_FILE = ProxUITests/Info.plist;
				LD_RUNPATH_SEARCH_PATHS = "$(inherited) @executable_path/Frameworks @loader_path/Frameworks";
				PRODUCT_BUNDLE_IDENTIFIER = com.mozilla.ProxUITests;
				PRODUCT_NAME = "$(TARGET_NAME)";
				SWIFT_VERSION = 3.0;
				TEST_TARGET_NAME = Prox;
			};
			name = Debug;
		};
		7B29E7EF1DA3EC360099AF38 /* Release */ = {
			isa = XCBuildConfiguration;
			buildSettings = {
				ALWAYS_EMBED_SWIFT_STANDARD_LIBRARIES = YES;
				DEVELOPMENT_TEAM = 9G8J6YA743;
				INFOPLIST_FILE = ProxUITests/Info.plist;
				LD_RUNPATH_SEARCH_PATHS = "$(inherited) @executable_path/Frameworks @loader_path/Frameworks";
				PRODUCT_BUNDLE_IDENTIFIER = com.mozilla.ProxUITests;
				PRODUCT_NAME = "$(TARGET_NAME)";
				SWIFT_VERSION = 3.0;
				TEST_TARGET_NAME = Prox;
			};
			name = Release;
		};
/* End XCBuildConfiguration section */

/* Begin XCConfigurationList section */
		7B29E7BA1DA3EC360099AF38 /* Build configuration list for PBXProject "Prox" */ = {
			isa = XCConfigurationList;
			buildConfigurations = (
				7B29E7E51DA3EC360099AF38 /* Debug */,
				7B29E7E61DA3EC360099AF38 /* Release */,
			);
			defaultConfigurationIsVisible = 0;
			defaultConfigurationName = Release;
		};
		7B29E7E71DA3EC360099AF38 /* Build configuration list for PBXNativeTarget "Prox" */ = {
			isa = XCConfigurationList;
			buildConfigurations = (
				7B29E7E81DA3EC360099AF38 /* Debug */,
				7B29E7E91DA3EC360099AF38 /* Release */,
			);
			defaultConfigurationIsVisible = 0;
			defaultConfigurationName = Release;
		};
		7B29E7EA1DA3EC360099AF38 /* Build configuration list for PBXNativeTarget "ProxTests" */ = {
			isa = XCConfigurationList;
			buildConfigurations = (
				7B29E7EB1DA3EC360099AF38 /* Debug */,
				7B29E7EC1DA3EC360099AF38 /* Release */,
			);
			defaultConfigurationIsVisible = 0;
			defaultConfigurationName = Release;
		};
		7B29E7ED1DA3EC360099AF38 /* Build configuration list for PBXNativeTarget "ProxUITests" */ = {
			isa = XCConfigurationList;
			buildConfigurations = (
				7B29E7EE1DA3EC360099AF38 /* Debug */,
				7B29E7EF1DA3EC360099AF38 /* Release */,
			);
			defaultConfigurationIsVisible = 0;
			defaultConfigurationName = Release;
		};
/* End XCConfigurationList section */
	};
	rootObject = 7B29E7B71DA3EC360099AF38 /* Project object */;
}
